{
  "version": 4,
  "terraform_version": "0.13.5",
  "serial": 2783,
  "lineage": "7b7cd20e-0301-087c-fdc0-bbca6506055f",
  "outputs": {},
  "resources": [
    {
      "mode": "managed",
      "type": "aws_iam_instance_profile",
      "name": "master_profile",
      "provider": "provider[\"registry.terraform.io/hashicorp/aws\"]",
      "instances": [
        {
          "schema_version": 0,
          "attributes": {
            "arn": "arn:aws:iam::040712939172:instance-profile/k8s-cluster-iam-master-profile",
            "create_date": "2021-01-23T19:20:04Z",
            "id": "k8s-cluster-iam-master-profile",
            "name": "k8s-cluster-iam-master-profile",
            "name_prefix": null,
            "path": "/",
            "role": "k8s-cluster-iam-master-role",
            "unique_id": "AIPAQS6VOE2SOL2DAELXT"
          },
          "private": "bnVsbA==",
          "dependencies": [
            "aws_iam_role.SDTD_master_role"
          ]
        }
      ]
    },
    {
      "mode": "managed",
      "type": "aws_iam_instance_profile",
      "name": "worker_profile",
      "provider": "provider[\"registry.terraform.io/hashicorp/aws\"]",
      "instances": [
        {
          "schema_version": 0,
          "attributes": {
            "arn": "arn:aws:iam::040712939172:instance-profile/k8s-cluster-iam-worker-profile",
            "create_date": "2021-01-23T19:20:04Z",
            "id": "k8s-cluster-iam-worker-profile",
            "name": "k8s-cluster-iam-worker-profile",
            "name_prefix": null,
            "path": "/",
            "role": "k8s-cluster-iam-worker-role",
            "unique_id": "AIPAQS6VOE2SI7UHGWAYI"
          },
          "private": "bnVsbA==",
          "dependencies": [
            "aws_iam_role.SDTD_worker_role"
          ]
        }
      ]
    },
    {
      "mode": "managed",
      "type": "aws_iam_policy",
      "name": "SDTD_master_policy",
      "provider": "provider[\"registry.terraform.io/hashicorp/aws\"]",
      "instances": [
        {
          "schema_version": 0,
          "attributes": {
            "arn": "arn:aws:iam::040712939172:policy/k8s-cluster-iam-master-policy",
            "description": "",
            "id": "arn:aws:iam::040712939172:policy/k8s-cluster-iam-master-policy",
            "name": "k8s-cluster-iam-master-policy",
            "name_prefix": null,
            "path": "/",
            "policy": "{\n    \"Version\": \"2012-10-17\",\n    \"Statement\": [\n        {\n            \"Effect\": \"Allow\",\n            \"Action\": [\n                \"autoscaling:DescribeAutoScalingGroups\",\n                \"autoscaling:DescribeLaunchConfigurations\",\n                \"autoscaling:DescribeTags\",\n                \"ec2:DescribeInstances\",\n                \"ec2:DescribeRegions\",\n                \"ec2:DescribeRouteTables\",\n                \"ec2:DescribeSecurityGroups\",\n                \"ec2:DescribeSubnets\",\n                \"ec2:DescribeVolumes\",\n                \"ec2:CreateSecurityGroup\",\n                \"ec2:CreateTags\",\n                \"ec2:CreateVolume\",\n                \"ec2:ModifyInstanceAttribute\",\n                \"ec2:ModifyVolume\",\n                \"ec2:AttachVolume\",\n                \"ec2:AuthorizeSecurityGroupIngress\",\n                \"ec2:CreateRoute\",\n                \"ec2:DeleteRoute\",\n                \"ec2:DeleteSecurityGroup\",\n                \"ec2:DeleteVolume\",\n                \"ec2:DetachVolume\",\n                \"ec2:RevokeSecurityGroupIngress\",\n                \"ec2:DescribeVpcs\",\n                \"elasticloadbalancing:AddTags\",\n                \"elasticloadbalancing:AttachLoadBalancerToSubnets\",\n                \"elasticloadbalancing:ApplySecurityGroupsToLoadBalancer\",\n                \"elasticloadbalancing:CreateLoadBalancer\",\n                \"elasticloadbalancing:CreateLoadBalancerPolicy\",\n                \"elasticloadbalancing:CreateLoadBalancerListeners\",\n                \"elasticloadbalancing:ConfigureHealthCheck\",\n                \"elasticloadbalancing:DeleteLoadBalancer\",\n                \"elasticloadbalancing:DeleteLoadBalancerListeners\",\n                \"elasticloadbalancing:DescribeLoadBalancers\",\n                \"elasticloadbalancing:DescribeLoadBalancerAttributes\",\n                \"elasticloadbalancing:DetachLoadBalancerFromSubnets\",\n                \"elasticloadbalancing:DeregisterInstancesFromLoadBalancer\",\n                \"elasticloadbalancing:ModifyLoadBalancerAttributes\",\n                \"elasticloadbalancing:RegisterInstancesWithLoadBalancer\",\n                \"elasticloadbalancing:SetLoadBalancerPoliciesForBackendServer\",\n                \"elasticloadbalancing:AddTags\",\n                \"elasticloadbalancing:CreateListener\",\n                \"elasticloadbalancing:CreateTargetGroup\",\n                \"elasticloadbalancing:DeleteListener\",\n                \"elasticloadbalancing:DeleteTargetGroup\",\n                \"elasticloadbalancing:DescribeListeners\",\n                \"elasticloadbalancing:DescribeLoadBalancerPolicies\",\n                \"elasticloadbalancing:DescribeTargetGroups\",\n                \"elasticloadbalancing:DescribeTargetHealth\",\n                \"elasticloadbalancing:ModifyListener\",\n                \"elasticloadbalancing:ModifyTargetGroup\",\n                \"elasticloadbalancing:RegisterTargets\",\n                \"elasticloadbalancing:SetLoadBalancerPoliciesOfListener\",\n                \"iam:CreateServiceLinkedRole\",\n                \"kms:DescribeKey\"\n            ],\n            \"Resource\": [\n                \"*\"\n            ]\n        }\n    ]\n}\n"
          },
          "private": "bnVsbA=="
        }
      ]
    },
    {
      "mode": "managed",
      "type": "aws_iam_policy",
      "name": "SDTD_worker_policy",
      "provider": "provider[\"registry.terraform.io/hashicorp/aws\"]",
      "instances": [
        {
          "schema_version": 0,
          "attributes": {
            "arn": "arn:aws:iam::040712939172:policy/k8s-cluster-iam-worker-policy",
            "description": "",
            "id": "arn:aws:iam::040712939172:policy/k8s-cluster-iam-worker-policy",
            "name": "k8s-cluster-iam-worker-policy",
            "name_prefix": null,
            "path": "/",
            "policy": "{\n    \"Version\": \"2012-10-17\",\n    \"Statement\": [\n        {\n            \"Effect\": \"Allow\",\n            \"Action\": [\n                \"ec2:DescribeInstances\",\n                \"ec2:DescribeRegions\",\n                \"ecr:GetAuthorizationToken\",\n                \"ecr:BatchCheckLayerAvailability\",\n                \"ecr:GetDownloadUrlForLayer\",\n                \"ecr:GetRepositoryPolicy\",\n                \"ecr:DescribeRepositories\",\n                \"ecr:ListImages\",\n                \"ecr:BatchGetImage\"\n            ],\n            \"Resource\": \"*\"\n        }\n    ]\n}\n"
          },
          "private": "bnVsbA=="
        }
      ]
    },
    {
      "mode": "managed",
      "type": "aws_iam_role",
      "name": "SDTD_master_role",
      "provider": "provider[\"registry.terraform.io/hashicorp/aws\"]",
      "instances": [
        {
          "schema_version": 0,
          "attributes": {
            "arn": "arn:aws:iam::040712939172:role/k8s-cluster-iam-master-role",
            "assume_role_policy": "{\"Version\":\"2012-10-17\",\"Statement\":[{\"Sid\":\"\",\"Effect\":\"Allow\",\"Principal\":{\"Service\":\"ec2.amazonaws.com\"},\"Action\":\"sts:AssumeRole\"}]}",
            "create_date": "2021-01-23T19:20:03Z",
            "description": "",
            "force_detach_policies": false,
            "id": "k8s-cluster-iam-master-role",
            "max_session_duration": 3600,
            "name": "k8s-cluster-iam-master-role",
            "name_prefix": null,
            "path": "/",
            "permissions_boundary": null,
            "tags": null,
            "unique_id": "AROAQS6VOE2SLPJCKSVKX"
          },
          "private": "bnVsbA=="
        }
      ]
    },
    {
      "mode": "managed",
      "type": "aws_iam_role",
      "name": "SDTD_worker_role",
      "provider": "provider[\"registry.terraform.io/hashicorp/aws\"]",
      "instances": [
        {
          "schema_version": 0,
          "attributes": {
            "arn": "arn:aws:iam::040712939172:role/k8s-cluster-iam-worker-role",
            "assume_role_policy": "{\"Version\":\"2012-10-17\",\"Statement\":[{\"Sid\":\"\",\"Effect\":\"Allow\",\"Principal\":{\"Service\":\"ec2.amazonaws.com\"},\"Action\":\"sts:AssumeRole\"}]}",
            "create_date": "2021-01-23T19:20:03Z",
            "description": "",
            "force_detach_policies": false,
            "id": "k8s-cluster-iam-worker-role",
            "max_session_duration": 3600,
            "name": "k8s-cluster-iam-worker-role",
            "name_prefix": null,
            "path": "/",
            "permissions_boundary": null,
            "tags": null,
            "unique_id": "AROAQS6VOE2SL6OGHACO4"
          },
          "private": "bnVsbA=="
        }
      ]
    },
    {
      "mode": "managed",
      "type": "aws_iam_role_policy_attachment",
      "name": "test-attach-master",
      "provider": "provider[\"registry.terraform.io/hashicorp/aws\"]",
      "instances": [
        {
          "schema_version": 0,
          "attributes": {
            "id": "k8s-cluster-iam-master-role-20210123192004842800000001",
            "policy_arn": "arn:aws:iam::040712939172:policy/k8s-cluster-iam-master-policy",
            "role": "k8s-cluster-iam-master-role"
          },
          "private": "bnVsbA==",
          "dependencies": [
            "aws_iam_policy.SDTD_master_policy",
            "aws_iam_role.SDTD_master_role"
          ]
        }
      ]
    },
    {
      "mode": "managed",
      "type": "aws_iam_role_policy_attachment",
      "name": "test-attach-worker",
      "provider": "provider[\"registry.terraform.io/hashicorp/aws\"]",
      "instances": [
        {
          "schema_version": 0,
          "attributes": {
            "id": "k8s-cluster-iam-worker-role-20210123192004842900000002",
            "policy_arn": "arn:aws:iam::040712939172:policy/k8s-cluster-iam-worker-policy",
            "role": "k8s-cluster-iam-worker-role"
          },
          "private": "bnVsbA==",
          "dependencies": [
            "aws_iam_policy.SDTD_worker_policy",
            "aws_iam_role.SDTD_worker_role"
          ]
        }
      ]
    },
    {
      "mode": "managed",
      "type": "aws_instance",
      "name": "master",
      "provider": "provider[\"registry.terraform.io/hashicorp/aws\"]",
      "instances": [
        {
          "schema_version": 1,
          "attributes": {
            "ami": "ami-0885b1f6bd170450c",
            "arn": "arn:aws:ec2:us-east-1:040712939172:instance/i-028dbb8d34736e077",
            "associate_public_ip_address": true,
            "availability_zone": "us-east-1a",
            "cpu_core_count": 2,
            "cpu_threads_per_core": 1,
            "credit_specification": [
              {
                "cpu_credits": "standard"
              }
            ],
            "disable_api_termination": false,
            "ebs_block_device": [],
            "ebs_optimized": false,
            "enclave_options": [
              {
                "enabled": false
              }
            ],
            "ephemeral_block_device": [],
            "get_password_data": false,
            "hibernation": false,
            "host_id": null,
            "iam_instance_profile": "k8s-cluster-iam-master-profile",
            "id": "i-028dbb8d34736e077",
            "instance_initiated_shutdown_behavior": null,
            "instance_state": "running",
            "instance_type": "t2.medium",
            "ipv6_address_count": 0,
            "ipv6_addresses": [],
            "key_name": "id_rsa_sdtd",
            "metadata_options": [
              {
                "http_endpoint": "enabled",
                "http_put_response_hop_limit": 1,
                "http_tokens": "optional"
              }
            ],
            "monitoring": false,
            "network_interface": [],
            "outpost_arn": "",
            "password_data": "",
            "placement_group": "",
            "primary_network_interface_id": "eni-0af644ad84ae82256",
            "private_dns": "ip-10-0-0-180.ec2.internal",
            "private_ip": "10.0.0.180",
            "public_dns": "ec2-54-162-114-210.compute-1.amazonaws.com",
            "public_ip": "54.162.114.210",
            "root_block_device": [
              {
                "delete_on_termination": true,
                "device_name": "/dev/sda1",
                "encrypted": false,
                "iops": 100,
                "kms_key_id": "",
                "throughput": 0,
                "volume_id": "vol-01281db6895c84ca4",
                "volume_size": 8,
                "volume_type": "gp2"
              }
            ],
            "secondary_private_ips": [],
            "security_groups": [
              "sg-04c3b83501e5c0c11"
            ],
            "source_dest_check": true,
            "subnet_id": "subnet-03d4147604a54aa26",
            "tags": {
              "Name": "k8s-master-ec2-sdtd",
              "kubernetes.io/cluster/kubernetes": "owned"
            },
            "tenancy": "default",
            "timeouts": null,
            "user_data": "096f0eb595e6c5fad2b6f6a87cd26bd91ec28dbc",
            "user_data_base64": null,
            "volume_tags": {},
            "vpc_security_group_ids": [
              "sg-04c3b83501e5c0c11"
            ]
          },
          "private": "eyJlMmJmYjczMC1lY2FhLTExZTYtOGY4OC0zNDM2M2JjN2M0YzAiOnsiY3JlYXRlIjo2MDAwMDAwMDAwMDAsImRlbGV0ZSI6MTIwMDAwMDAwMDAwMCwidXBkYXRlIjo2MDAwMDAwMDAwMDB9LCJzY2hlbWFfdmVyc2lvbiI6IjEifQ==",
          "dependencies": [
            "aws_security_group.SDTD_VPC_Security_Group",
            "aws_subnet.SDTD_VPC_Subnet",
            "aws_vpc.SDTD_VPC",
            "random_string.token_id",
            "random_string.token_secret"
          ]
        }
      ]
    },
    {
      "mode": "managed",
      "type": "aws_instance",
      "name": "workers",
      "provider": "provider[\"registry.terraform.io/hashicorp/aws\"]",
      "instances": [
        {
          "index_key": 0,
          "schema_version": 1,
          "attributes": {
            "ami": "ami-0885b1f6bd170450c",
            "arn": "arn:aws:ec2:us-east-1:040712939172:instance/i-044f53a36cafc4417",
            "associate_public_ip_address": true,
            "availability_zone": "us-east-1a",
            "cpu_core_count": 2,
            "cpu_threads_per_core": 1,
            "credit_specification": [
              {
                "cpu_credits": "standard"
              }
            ],
            "disable_api_termination": false,
            "ebs_block_device": [],
            "ebs_optimized": false,
            "enclave_options": [
              {
                "enabled": false
              }
            ],
            "ephemeral_block_device": [],
            "get_password_data": false,
            "hibernation": false,
            "host_id": null,
            "iam_instance_profile": "k8s-cluster-iam-worker-profile",
            "id": "i-044f53a36cafc4417",
            "instance_initiated_shutdown_behavior": null,
            "instance_state": "running",
            "instance_type": "t2.medium",
            "ipv6_address_count": 0,
            "ipv6_addresses": [],
            "key_name": "id_rsa_sdtd",
            "metadata_options": [
              {
                "http_endpoint": "enabled",
                "http_put_response_hop_limit": 1,
                "http_tokens": "optional"
              }
            ],
            "monitoring": false,
            "network_interface": [],
            "outpost_arn": "",
            "password_data": "",
            "placement_group": "",
            "primary_network_interface_id": "eni-09f2bd5e5b608734b",
            "private_dns": "ip-10-0-0-20.ec2.internal",
            "private_ip": "10.0.0.20",
            "public_dns": "ec2-35-173-187-29.compute-1.amazonaws.com",
            "public_ip": "35.173.187.29",
            "root_block_device": [
              {
                "delete_on_termination": true,
                "device_name": "/dev/sda1",
                "encrypted": false,
                "iops": 100,
                "kms_key_id": "",
                "throughput": 0,
                "volume_id": "vol-05897f9d013ec8703",
                "volume_size": 8,
                "volume_type": "gp2"
              }
            ],
            "secondary_private_ips": [],
            "security_groups": [
              "sg-04c3b83501e5c0c11"
            ],
            "source_dest_check": true,
            "subnet_id": "subnet-03d4147604a54aa26",
            "tags": {
              "Name": "k8s-worker-0-sdtd",
              "kubernetes.io/cluster/kubernetes": "owned"
            },
            "tenancy": "default",
            "timeouts": null,
            "user_data": "0fb733c6ca0e0a61abed8e1755e29af5c9f70b33",
            "user_data_base64": null,
            "volume_tags": {},
            "vpc_security_group_ids": [
              "sg-04c3b83501e5c0c11"
            ]
          },
          "private": "eyJlMmJmYjczMC1lY2FhLTExZTYtOGY4OC0zNDM2M2JjN2M0YzAiOnsiY3JlYXRlIjo2MDAwMDAwMDAwMDAsImRlbGV0ZSI6MTIwMDAwMDAwMDAwMCwidXBkYXRlIjo2MDAwMDAwMDAwMDB9LCJzY2hlbWFfdmVyc2lvbiI6IjEifQ==",
          "dependencies": [
            "aws_instance.master",
            "aws_security_group.SDTD_VPC_Security_Group",
            "aws_subnet.SDTD_VPC_Subnet",
            "aws_vpc.SDTD_VPC",
            "random_string.token_id",
            "random_string.token_secret"
          ]
        },
        {
          "index_key": 1,
          "schema_version": 1,
          "attributes": {
            "ami": "ami-0885b1f6bd170450c",
            "arn": "arn:aws:ec2:us-east-1:040712939172:instance/i-08253dcbaf4ea2bd2",
            "associate_public_ip_address": true,
            "availability_zone": "us-east-1a",
            "cpu_core_count": 2,
            "cpu_threads_per_core": 1,
            "credit_specification": [
              {
                "cpu_credits": "standard"
              }
            ],
            "disable_api_termination": false,
            "ebs_block_device": [],
            "ebs_optimized": false,
            "enclave_options": [
              {
                "enabled": false
              }
            ],
            "ephemeral_block_device": [],
            "get_password_data": false,
            "hibernation": false,
            "host_id": null,
            "iam_instance_profile": "k8s-cluster-iam-worker-profile",
            "id": "i-08253dcbaf4ea2bd2",
            "instance_initiated_shutdown_behavior": null,
            "instance_state": "running",
            "instance_type": "t2.medium",
            "ipv6_address_count": 0,
            "ipv6_addresses": [],
            "key_name": "id_rsa_sdtd",
            "metadata_options": [
              {
                "http_endpoint": "enabled",
                "http_put_response_hop_limit": 1,
                "http_tokens": "optional"
              }
            ],
            "monitoring": false,
            "network_interface": [],
            "outpost_arn": "",
            "password_data": "",
            "placement_group": "",
            "primary_network_interface_id": "eni-09c5343ff8af5a84b",
            "private_dns": "ip-10-0-0-244.ec2.internal",
            "private_ip": "10.0.0.244",
            "public_dns": "ec2-3-92-201-165.compute-1.amazonaws.com",
            "public_ip": "3.92.201.165",
            "root_block_device": [
              {
                "delete_on_termination": true,
                "device_name": "/dev/sda1",
                "encrypted": false,
                "iops": 100,
                "kms_key_id": "",
                "throughput": 0,
                "volume_id": "vol-0cc5d056373ebcb27",
                "volume_size": 8,
                "volume_type": "gp2"
              }
            ],
            "secondary_private_ips": [],
            "security_groups": [
              "sg-04c3b83501e5c0c11"
            ],
            "source_dest_check": true,
            "subnet_id": "subnet-03d4147604a54aa26",
            "tags": {
              "Name": "k8s-worker-1-sdtd",
              "kubernetes.io/cluster/kubernetes": "owned"
            },
            "tenancy": "default",
            "timeouts": null,
            "user_data": "0fb733c6ca0e0a61abed8e1755e29af5c9f70b33",
            "user_data_base64": null,
            "volume_tags": {},
            "vpc_security_group_ids": [
              "sg-04c3b83501e5c0c11"
            ]
          },
          "private": "eyJlMmJmYjczMC1lY2FhLTExZTYtOGY4OC0zNDM2M2JjN2M0YzAiOnsiY3JlYXRlIjo2MDAwMDAwMDAwMDAsImRlbGV0ZSI6MTIwMDAwMDAwMDAwMCwidXBkYXRlIjo2MDAwMDAwMDAwMDB9LCJzY2hlbWFfdmVyc2lvbiI6IjEifQ==",
          "dependencies": [
            "aws_instance.master",
            "aws_security_group.SDTD_VPC_Security_Group",
            "aws_subnet.SDTD_VPC_Subnet",
            "aws_vpc.SDTD_VPC",
            "random_string.token_id",
            "random_string.token_secret"
          ]
        },
        {
          "index_key": 2,
          "schema_version": 1,
          "attributes": {
            "ami": "ami-0885b1f6bd170450c",
            "arn": "arn:aws:ec2:us-east-1:040712939172:instance/i-0e025a42c04ae0b76",
            "associate_public_ip_address": true,
            "availability_zone": "us-east-1a",
            "cpu_core_count": 2,
            "cpu_threads_per_core": 1,
            "credit_specification": [
              {
                "cpu_credits": "standard"
              }
            ],
            "disable_api_termination": false,
            "ebs_block_device": [],
            "ebs_optimized": false,
            "enclave_options": [
              {
                "enabled": false
              }
            ],
            "ephemeral_block_device": [],
            "get_password_data": false,
            "hibernation": false,
            "host_id": null,
            "iam_instance_profile": "k8s-cluster-iam-worker-profile",
            "id": "i-0e025a42c04ae0b76",
            "instance_initiated_shutdown_behavior": null,
            "instance_state": "running",
            "instance_type": "t2.medium",
            "ipv6_address_count": 0,
            "ipv6_addresses": [],
            "key_name": "id_rsa_sdtd",
            "metadata_options": [
              {
                "http_endpoint": "enabled",
                "http_put_response_hop_limit": 1,
                "http_tokens": "optional"
              }
            ],
            "monitoring": false,
            "network_interface": [],
            "outpost_arn": "",
            "password_data": "",
            "placement_group": "",
            "primary_network_interface_id": "eni-065e9075556921d62",
            "private_dns": "ip-10-0-0-137.ec2.internal",
            "private_ip": "10.0.0.137",
            "public_dns": "ec2-3-92-221-66.compute-1.amazonaws.com",
            "public_ip": "3.92.221.66",
            "root_block_device": [
              {
                "delete_on_termination": true,
                "device_name": "/dev/sda1",
                "encrypted": false,
                "iops": 100,
                "kms_key_id": "",
                "throughput": 0,
                "volume_id": "vol-087d7a3a77b79db4f",
                "volume_size": 8,
                "volume_type": "gp2"
              }
            ],
            "secondary_private_ips": [],
            "security_groups": [
              "sg-04c3b83501e5c0c11"
            ],
            "source_dest_check": true,
            "subnet_id": "subnet-03d4147604a54aa26",
            "tags": {
              "Name": "k8s-worker-2-sdtd",
              "kubernetes.io/cluster/kubernetes": "owned"
            },
            "tenancy": "default",
            "timeouts": null,
            "user_data": "0fb733c6ca0e0a61abed8e1755e29af5c9f70b33",
            "user_data_base64": null,
            "volume_tags": {},
            "vpc_security_group_ids": [
              "sg-04c3b83501e5c0c11"
            ]
          },
          "private": "eyJlMmJmYjczMC1lY2FhLTExZTYtOGY4OC0zNDM2M2JjN2M0YzAiOnsiY3JlYXRlIjo2MDAwMDAwMDAwMDAsImRlbGV0ZSI6MTIwMDAwMDAwMDAwMCwidXBkYXRlIjo2MDAwMDAwMDAwMDB9LCJzY2hlbWFfdmVyc2lvbiI6IjEifQ==",
          "dependencies": [
            "aws_instance.master",
            "aws_security_group.SDTD_VPC_Security_Group",
            "aws_subnet.SDTD_VPC_Subnet",
            "aws_vpc.SDTD_VPC",
            "random_string.token_id",
            "random_string.token_secret"
          ]
        },
        {
          "index_key": 3,
          "schema_version": 1,
          "attributes": {
            "ami": "ami-0885b1f6bd170450c",
            "arn": "arn:aws:ec2:us-east-1:040712939172:instance/i-0f01fbb75fdc8642a",
            "associate_public_ip_address": true,
            "availability_zone": "us-east-1a",
            "cpu_core_count": 2,
            "cpu_threads_per_core": 1,
            "credit_specification": [
              {
                "cpu_credits": "standard"
              }
            ],
            "disable_api_termination": false,
            "ebs_block_device": [],
            "ebs_optimized": false,
            "enclave_options": [
              {
                "enabled": false
              }
            ],
            "ephemeral_block_device": [],
            "get_password_data": false,
            "hibernation": false,
            "host_id": null,
            "iam_instance_profile": "k8s-cluster-iam-worker-profile",
            "id": "i-0f01fbb75fdc8642a",
            "instance_initiated_shutdown_behavior": null,
            "instance_state": "running",
            "instance_type": "t2.medium",
            "ipv6_address_count": 0,
            "ipv6_addresses": [],
            "key_name": "id_rsa_sdtd",
            "metadata_options": [
              {
                "http_endpoint": "enabled",
                "http_put_response_hop_limit": 1,
                "http_tokens": "optional"
              }
            ],
            "monitoring": false,
            "network_interface": [],
            "outpost_arn": "",
            "password_data": "",
            "placement_group": "",
            "primary_network_interface_id": "eni-0b603c295d920c2e4",
            "private_dns": "ip-10-0-0-230.ec2.internal",
            "private_ip": "10.0.0.230",
            "public_dns": "ec2-3-86-94-242.compute-1.amazonaws.com",
            "public_ip": "3.86.94.242",
            "root_block_device": [
              {
                "delete_on_termination": true,
                "device_name": "/dev/sda1",
                "encrypted": false,
                "iops": 100,
                "kms_key_id": "",
                "throughput": 0,
                "volume_id": "vol-05c90478a3fa9f5d0",
                "volume_size": 8,
                "volume_type": "gp2"
              }
            ],
            "secondary_private_ips": [],
            "security_groups": [
              "sg-04c3b83501e5c0c11"
            ],
            "source_dest_check": true,
            "subnet_id": "subnet-03d4147604a54aa26",
            "tags": {
              "Name": "k8s-worker-3-sdtd",
              "kubernetes.io/cluster/kubernetes": "owned"
            },
            "tenancy": "default",
            "timeouts": null,
            "user_data": "0fb733c6ca0e0a61abed8e1755e29af5c9f70b33",
            "user_data_base64": null,
            "volume_tags": {},
            "vpc_security_group_ids": [
              "sg-04c3b83501e5c0c11"
            ]
          },
          "private": "eyJlMmJmYjczMC1lY2FhLTExZTYtOGY4OC0zNDM2M2JjN2M0YzAiOnsiY3JlYXRlIjo2MDAwMDAwMDAwMDAsImRlbGV0ZSI6MTIwMDAwMDAwMDAwMCwidXBkYXRlIjo2MDAwMDAwMDAwMDB9LCJzY2hlbWFfdmVyc2lvbiI6IjEifQ==",
          "dependencies": [
            "aws_instance.master",
            "aws_security_group.SDTD_VPC_Security_Group",
            "aws_subnet.SDTD_VPC_Subnet",
            "aws_vpc.SDTD_VPC",
            "random_string.token_id",
            "random_string.token_secret"
          ]
        },
        {
          "index_key": 4,
          "schema_version": 1,
          "attributes": {
            "ami": "ami-0885b1f6bd170450c",
            "arn": "arn:aws:ec2:us-east-1:040712939172:instance/i-0333d9594ffac26ce",
            "associate_public_ip_address": true,
            "availability_zone": "us-east-1a",
            "cpu_core_count": 2,
            "cpu_threads_per_core": 1,
            "credit_specification": [
              {
                "cpu_credits": "standard"
              }
            ],
            "disable_api_termination": false,
            "ebs_block_device": [],
            "ebs_optimized": false,
            "enclave_options": [
              {
                "enabled": false
              }
            ],
            "ephemeral_block_device": [],
            "get_password_data": false,
            "hibernation": false,
            "host_id": null,
            "iam_instance_profile": "k8s-cluster-iam-worker-profile",
            "id": "i-0333d9594ffac26ce",
            "instance_initiated_shutdown_behavior": null,
            "instance_state": "running",
            "instance_type": "t2.medium",
            "ipv6_address_count": 0,
            "ipv6_addresses": [],
            "key_name": "id_rsa_sdtd",
            "metadata_options": [
              {
                "http_endpoint": "enabled",
                "http_put_response_hop_limit": 1,
                "http_tokens": "optional"
              }
            ],
            "monitoring": false,
            "network_interface": [],
            "outpost_arn": "",
            "password_data": "",
            "placement_group": "",
            "primary_network_interface_id": "eni-004ce6ccc911ecce0",
            "private_dns": "ip-10-0-0-60.ec2.internal",
            "private_ip": "10.0.0.60",
            "public_dns": "ec2-3-86-83-168.compute-1.amazonaws.com",
            "public_ip": "3.86.83.168",
            "root_block_device": [
              {
                "delete_on_termination": true,
                "device_name": "/dev/sda1",
                "encrypted": false,
                "iops": 100,
                "kms_key_id": "",
                "throughput": 0,
                "volume_id": "vol-040667e719bb0c0b4",
                "volume_size": 8,
                "volume_type": "gp2"
              }
            ],
            "secondary_private_ips": [],
            "security_groups": [
              "sg-04c3b83501e5c0c11"
            ],
            "source_dest_check": true,
            "subnet_id": "subnet-03d4147604a54aa26",
            "tags": {
              "Name": "k8s-worker-4-sdtd",
              "kubernetes.io/cluster/kubernetes": "owned"
            },
            "tenancy": "default",
            "timeouts": null,
            "user_data": "0fb733c6ca0e0a61abed8e1755e29af5c9f70b33",
            "user_data_base64": null,
            "volume_tags": {},
            "vpc_security_group_ids": [
              "sg-04c3b83501e5c0c11"
            ]
          },
          "private": "eyJlMmJmYjczMC1lY2FhLTExZTYtOGY4OC0zNDM2M2JjN2M0YzAiOnsiY3JlYXRlIjo2MDAwMDAwMDAwMDAsImRlbGV0ZSI6MTIwMDAwMDAwMDAwMCwidXBkYXRlIjo2MDAwMDAwMDAwMDB9LCJzY2hlbWFfdmVyc2lvbiI6IjEifQ==",
          "dependencies": [
            "aws_instance.master",
            "aws_security_group.SDTD_VPC_Security_Group",
            "aws_subnet.SDTD_VPC_Subnet",
            "aws_vpc.SDTD_VPC",
            "random_string.token_id",
            "random_string.token_secret"
          ]
        },
        {
          "index_key": 5,
          "schema_version": 1,
          "attributes": {
            "ami": "ami-0885b1f6bd170450c",
            "arn": "arn:aws:ec2:us-east-1:040712939172:instance/i-0aeb530dde39117e4",
            "associate_public_ip_address": true,
            "availability_zone": "us-east-1a",
            "cpu_core_count": 2,
            "cpu_threads_per_core": 1,
            "credit_specification": [
              {
                "cpu_credits": "standard"
              }
            ],
            "disable_api_termination": false,
            "ebs_block_device": [],
            "ebs_optimized": false,
            "enclave_options": [
              {
                "enabled": false
              }
            ],
            "ephemeral_block_device": [],
            "get_password_data": false,
            "hibernation": false,
            "host_id": null,
            "iam_instance_profile": "k8s-cluster-iam-worker-profile",
            "id": "i-0aeb530dde39117e4",
            "instance_initiated_shutdown_behavior": null,
            "instance_state": "running",
            "instance_type": "t2.medium",
            "ipv6_address_count": 0,
            "ipv6_addresses": [],
            "key_name": "id_rsa_sdtd",
            "metadata_options": [
              {
                "http_endpoint": "enabled",
                "http_put_response_hop_limit": 1,
                "http_tokens": "optional"
              }
            ],
            "monitoring": false,
            "network_interface": [],
            "outpost_arn": "",
            "password_data": "",
            "placement_group": "",
            "primary_network_interface_id": "eni-0d75022115b201860",
            "private_dns": "ip-10-0-0-123.ec2.internal",
            "private_ip": "10.0.0.123",
            "public_dns": "ec2-3-88-193-14.compute-1.amazonaws.com",
            "public_ip": "3.88.193.14",
            "root_block_device": [
              {
                "delete_on_termination": true,
                "device_name": "/dev/sda1",
                "encrypted": false,
                "iops": 100,
                "kms_key_id": "",
                "throughput": 0,
                "volume_id": "vol-09f5376643480bcbc",
                "volume_size": 8,
                "volume_type": "gp2"
              }
            ],
            "secondary_private_ips": [],
            "security_groups": [
              "sg-04c3b83501e5c0c11"
            ],
            "source_dest_check": true,
            "subnet_id": "subnet-03d4147604a54aa26",
            "tags": {
              "Name": "k8s-worker-5-sdtd",
              "kubernetes.io/cluster/kubernetes": "owned"
            },
            "tenancy": "default",
            "timeouts": null,
            "user_data": "0fb733c6ca0e0a61abed8e1755e29af5c9f70b33",
            "user_data_base64": null,
            "volume_tags": {},
            "vpc_security_group_ids": [
              "sg-04c3b83501e5c0c11"
            ]
          },
          "private": "eyJlMmJmYjczMC1lY2FhLTExZTYtOGY4OC0zNDM2M2JjN2M0YzAiOnsiY3JlYXRlIjo2MDAwMDAwMDAwMDAsImRlbGV0ZSI6MTIwMDAwMDAwMDAwMCwidXBkYXRlIjo2MDAwMDAwMDAwMDB9LCJzY2hlbWFfdmVyc2lvbiI6IjEifQ==",
          "dependencies": [
            "aws_instance.master",
            "aws_security_group.SDTD_VPC_Security_Group",
            "aws_subnet.SDTD_VPC_Subnet",
            "aws_vpc.SDTD_VPC",
            "random_string.token_id",
            "random_string.token_secret"
          ]
        }
      ]
    },
    {
      "mode": "managed",
      "type": "aws_internet_gateway",
      "name": "SDTD_igw",
      "provider": "provider[\"registry.terraform.io/hashicorp/aws\"]",
      "instances": [
        {
          "schema_version": 0,
          "attributes": {
            "arn": "arn:aws:ec2:us-east-1:040712939172:internet-gateway/igw-000c045478bc62de3",
            "id": "igw-000c045478bc62de3",
            "owner_id": "040712939172",
            "tags": {
              "Name": "k8s-cluster-igw-sdtd",
              "kubernetes.io/cluster/kubernetes": "owned"
            },
            "vpc_id": "vpc-0c95829a43ee638dc"
          },
          "private": "bnVsbA==",
          "dependencies": [
            "aws_vpc.SDTD_VPC"
          ]
        }
      ]
    },
    {
      "mode": "managed",
      "type": "aws_key_pair",
      "name": "deployer",
      "provider": "provider[\"registry.terraform.io/hashicorp/aws\"]",
      "instances": [
        {
          "schema_version": 1,
          "attributes": {
            "arn": "arn:aws:ec2:us-east-1:040712939172:key-pair/id_rsa_sdtd",
            "fingerprint": "f0:f8:1a:bc:a5:e9:95:22:5c:96:b1:69:b9:39:62:39",
            "id": "id_rsa_sdtd",
            "key_name": "id_rsa_sdtd",
            "key_name_prefix": null,
            "key_pair_id": "key-03579126ce5bd5b55",
            "public_key": "ssh-rsa AAAAB3NzaC1yc2EAAAADAQABAAABgQDZHUl5aXoo5vMJqgb7sIpWh/7Xw7BLxv2hsPe63JXdJhxx1TE4Y1yUb6nWYdDU7G0rcGROeZ9Ck49iSXAVArcy//wvrjh3knjn1IALjNzG1xKn/ekDyHoFxE9NIDancYaWqmO9cFraF9ZZ7q6rBNuOJCGCHe5m5Z177kl5rkDOxFDCQMgu2R2RkBb7gomO6L8H7H/jLt6RtGS4tjxskoVew8a3myi7oz0fK56VALVehwBw2qXmo0Kl3g5CikWZcpNibrHS2uxpbDtj7AwIyFc8sRtf1xVwMIdFdR0MyRaM6w+to/i4pLg+TssL9drZJMxgMm+UJN2gbNaWHELtIHpMfD5PXSCWorSrVMKyyzZ9vwOgbd4CvvfbOz32SgZIAFnEMWQLhiGdbwa3yMr40fmJsWNvHC0w3jYpEZRKit4NClL92r44Tib0mh3PEbY95GsrhKVSrIuMKbULbPXjb5hUPBRFBMaSgCx9pN4yndkCI8qszF3j+77GTJfkLuZ35l8= amalou@amalou-UX430UNR",
            "tags": null
          },
          "private": "eyJzY2hlbWFfdmVyc2lvbiI6IjEifQ=="
        }
      ]
    },
    {
      "mode": "managed",
      "type": "aws_route_table",
      "name": "SDTD_rtb",
      "provider": "provider[\"registry.terraform.io/hashicorp/aws\"]",
      "instances": [
        {
          "schema_version": 0,
          "attributes": {
            "id": "rtb-08b00255074ee153a",
            "owner_id": "040712939172",
            "propagating_vgws": [],
            "route": [
              {
                "cidr_block": "0.0.0.0/0",
                "egress_only_gateway_id": "",
                "gateway_id": "igw-000c045478bc62de3",
                "instance_id": "",
                "ipv6_cidr_block": "",
                "local_gateway_id": "",
                "nat_gateway_id": "",
                "network_interface_id": "",
                "transit_gateway_id": "",
                "vpc_endpoint_id": "",
                "vpc_peering_connection_id": ""
              }
            ],
            "tags": {
              "Name": "k8s-cluster-igw-rtb",
              "kubernetes.io/cluster/kubernetes": "owned"
            },
            "vpc_id": "vpc-0c95829a43ee638dc"
          },
          "private": "bnVsbA==",
          "dependencies": [
            "aws_internet_gateway.SDTD_igw",
            "aws_vpc.SDTD_VPC"
          ]
        }
      ]
    },
    {
      "mode": "managed",
      "type": "aws_route_table_association",
      "name": "SCTD_VPC_association",
      "provider": "provider[\"registry.terraform.io/hashicorp/aws\"]",
      "instances": [
        {
          "schema_version": 0,
          "attributes": {
            "gateway_id": null,
            "id": "rtbassoc-07f19ed94eab2727c",
            "route_table_id": "rtb-08b00255074ee153a",
            "subnet_id": "subnet-03d4147604a54aa26"
          },
          "private": "bnVsbA==",
          "dependencies": [
            "aws_internet_gateway.SDTD_igw",
            "aws_route_table.SDTD_rtb",
            "aws_subnet.SDTD_VPC_Subnet",
            "aws_vpc.SDTD_VPC"
          ]
        }
      ]
    },
    {
      "mode": "managed",
      "type": "aws_security_group",
      "name": "SDTD_VPC_Security_Group",
      "provider": "provider[\"registry.terraform.io/hashicorp/aws\"]",
      "instances": [
        {
          "schema_version": 1,
          "attributes": {
            "arn": "arn:aws:ec2:us-east-1:040712939172:security-group/sg-04c3b83501e5c0c11",
            "description": "Managed by Terraform",
            "egress": [
              {
                "cidr_blocks": [
                  "0.0.0.0/0"
                ],
                "description": "",
                "from_port": 0,
                "ipv6_cidr_blocks": [],
                "prefix_list_ids": [],
                "protocol": "-1",
                "security_groups": [],
                "self": false,
                "to_port": 0
              }
            ],
            "id": "sg-04c3b83501e5c0c11",
            "ingress": [
              {
                "cidr_blocks": [
                  "0.0.0.0/0"
                ],
                "description": "",
                "from_port": 0,
                "ipv6_cidr_blocks": [],
                "prefix_list_ids": [],
                "protocol": "-1",
                "security_groups": [],
                "self": false,
                "to_port": 0
              },
              {
                "cidr_blocks": [],
                "description": "",
                "from_port": 0,
                "ipv6_cidr_blocks": [
                  "::/0"
                ],
                "prefix_list_ids": [],
                "protocol": "-1",
                "security_groups": [],
                "self": false,
                "to_port": 0
              }
            ],
            "name": "k8s-cluster-sg-sdtd",
            "name_prefix": "",
            "owner_id": "040712939172",
            "revoke_rules_on_delete": false,
            "tags": {
              "Name": "k8s-cluster-sg-sdtd"
            },
            "timeouts": null,
            "vpc_id": "vpc-0c95829a43ee638dc"
          },
          "private": "eyJlMmJmYjczMC1lY2FhLTExZTYtOGY4OC0zNDM2M2JjN2M0YzAiOnsiY3JlYXRlIjo2MDAwMDAwMDAwMDAsImRlbGV0ZSI6NjAwMDAwMDAwMDAwfSwic2NoZW1hX3ZlcnNpb24iOiIxIn0=",
          "dependencies": [
            "aws_vpc.SDTD_VPC"
          ]
        }
      ]
    },
    {
      "mode": "managed",
      "type": "aws_subnet",
      "name": "SDTD_VPC_Subnet",
      "provider": "provider[\"registry.terraform.io/hashicorp/aws\"]",
      "instances": [
        {
          "schema_version": 1,
          "attributes": {
            "arn": "arn:aws:ec2:us-east-1:040712939172:subnet/subnet-03d4147604a54aa26",
            "assign_ipv6_address_on_creation": false,
            "availability_zone": "us-east-1a",
            "availability_zone_id": "use1-az2",
            "cidr_block": "10.0.0.0/24",
            "id": "subnet-03d4147604a54aa26",
            "ipv6_cidr_block": "",
            "ipv6_cidr_block_association_id": "",
            "map_public_ip_on_launch": true,
            "outpost_arn": "",
            "owner_id": "040712939172",
            "tags": {
              "Name": "k8s-cluster-net-SDTD",
              "kubernetes.io/cluster/kubernetes": "owned"
            },
            "timeouts": null,
            "vpc_id": "vpc-0c95829a43ee638dc"
          },
          "private": "eyJlMmJmYjczMC1lY2FhLTExZTYtOGY4OC0zNDM2M2JjN2M0YzAiOnsiY3JlYXRlIjo2MDAwMDAwMDAwMDAsImRlbGV0ZSI6MTIwMDAwMDAwMDAwMH0sInNjaGVtYV92ZXJzaW9uIjoiMSJ9",
          "dependencies": [
            "aws_vpc.SDTD_VPC"
          ]
        }
      ]
    },
    {
      "mode": "managed",
      "type": "aws_vpc",
      "name": "SDTD_VPC",
      "provider": "provider[\"registry.terraform.io/hashicorp/aws\"]",
      "instances": [
        {
          "schema_version": 1,
          "attributes": {
            "arn": "arn:aws:ec2:us-east-1:040712939172:vpc/vpc-0c95829a43ee638dc",
            "assign_generated_ipv6_cidr_block": false,
            "cidr_block": "10.0.0.0/16",
            "default_network_acl_id": "acl-02387f6ddb35439fc",
            "default_route_table_id": "rtb-08ed339828743b8e4",
            "default_security_group_id": "sg-00655d97c9d2e29cf",
            "dhcp_options_id": "dopt-b937e7c3",
            "enable_classiclink": false,
            "enable_classiclink_dns_support": false,
            "enable_dns_hostnames": true,
            "enable_dns_support": true,
            "id": "vpc-0c95829a43ee638dc",
            "instance_tenancy": "default",
            "ipv6_association_id": "",
            "ipv6_cidr_block": "",
            "main_route_table_id": "rtb-08ed339828743b8e4",
            "owner_id": "040712939172",
            "tags": {
              "Name": "k8s-cluster-vpc-sdtd",
              "kubernetes.io/cluster/kubernetes": "owned"
            }
          },
          "private": "eyJzY2hlbWFfdmVyc2lvbiI6IjEifQ=="
        }
      ]
    },
    {
      "mode": "managed",
      "type": "random_pet",
      "name": "cluster_name",
      "provider": "provider[\"registry.terraform.io/hashicorp/random\"]",
      "instances": [
        {
          "schema_version": 0,
          "attributes": {
            "id": "destined-lynx",
            "keepers": null,
            "length": 2,
            "prefix": null,
            "separator": "-"
          },
          "private": "bnVsbA=="
        }
      ]
    },
    {
      "mode": "managed",
      "type": "random_string",
      "name": "token_id",
      "provider": "provider[\"registry.terraform.io/hashicorp/random\"]",
      "instances": [
        {
          "schema_version": 1,
          "attributes": {
            "id": "npjvro",
            "keepers": null,
            "length": 6,
            "lower": true,
            "min_lower": 0,
            "min_numeric": 0,
            "min_special": 0,
            "min_upper": 0,
            "number": true,
            "override_special": null,
            "result": "npjvro",
            "special": false,
            "upper": false
          },
          "private": "eyJzY2hlbWFfdmVyc2lvbiI6IjEifQ=="
        }
      ]
    },
    {
      "mode": "managed",
      "type": "random_string",
      "name": "token_secret",
      "provider": "provider[\"registry.terraform.io/hashicorp/random\"]",
      "instances": [
        {
          "schema_version": 1,
          "attributes": {
            "id": "2neribxsx1iqdgm1",
            "keepers": null,
            "length": 16,
            "lower": true,
            "min_lower": 0,
            "min_numeric": 0,
            "min_special": 0,
            "min_upper": 0,
            "number": true,
            "override_special": null,
            "result": "2neribxsx1iqdgm1",
            "special": false,
            "upper": false
          },
          "private": "eyJzY2hlbWFfdmVyc2lvbiI6IjEifQ=="
        }
      ]
    }
  ]
}
