{
  "version": 4,
  "terraform_version": "0.13.5",
  "serial": 2627,
  "lineage": "7b7cd20e-0301-087c-fdc0-bbca6506055f",
  "outputs": {},
  "resources": [
    {
      "mode": "managed",
      "type": "aws_iam_instance_profile",
      "name": "master_profile",
      "provider": "provider[\"registry.terraform.io/hashicorp/aws\"]",
      "instances": [
        {
          "schema_version": 0,
          "attributes": {
            "arn": "arn:aws:iam::040712939172:instance-profile/k8s-cluster-iam-master-profile",
            "create_date": "2021-01-23T15:58:54Z",
            "id": "k8s-cluster-iam-master-profile",
            "name": "k8s-cluster-iam-master-profile",
            "name_prefix": null,
            "path": "/",
            "role": "k8s-cluster-iam-master-role",
            "unique_id": "AIPAQS6VOE2SL6HSVXO4I"
          },
          "private": "bnVsbA==",
          "dependencies": [
            "aws_iam_role.SDTD_master_role"
          ]
        }
      ]
    },
    {
      "mode": "managed",
      "type": "aws_iam_instance_profile",
      "name": "worker_profile",
      "provider": "provider[\"registry.terraform.io/hashicorp/aws\"]",
      "instances": [
        {
          "schema_version": 0,
          "attributes": {
            "arn": "arn:aws:iam::040712939172:instance-profile/k8s-cluster-iam-worker-profile",
            "create_date": "2021-01-23T15:58:54Z",
            "id": "k8s-cluster-iam-worker-profile",
            "name": "k8s-cluster-iam-worker-profile",
            "name_prefix": null,
            "path": "/",
            "role": "k8s-cluster-iam-worker-role",
            "unique_id": "AIPAQS6VOE2SGWA4XPJWL"
          },
          "private": "bnVsbA==",
          "dependencies": [
            "aws_iam_role.SDTD_worker_role"
          ]
        }
      ]
    },
    {
      "mode": "managed",
      "type": "aws_iam_policy",
      "name": "SDTD_master_policy",
      "provider": "provider[\"registry.terraform.io/hashicorp/aws\"]",
      "instances": [
        {
          "schema_version": 0,
          "attributes": {
            "arn": "arn:aws:iam::040712939172:policy/k8s-cluster-iam-master-policy",
            "description": "",
            "id": "arn:aws:iam::040712939172:policy/k8s-cluster-iam-master-policy",
            "name": "k8s-cluster-iam-master-policy",
            "name_prefix": null,
            "path": "/",
            "policy": "{\n    \"Version\": \"2012-10-17\",\n    \"Statement\": [\n        {\n            \"Effect\": \"Allow\",\n            \"Action\": [\n                \"autoscaling:DescribeAutoScalingGroups\",\n                \"autoscaling:DescribeLaunchConfigurations\",\n                \"autoscaling:DescribeTags\",\n                \"ec2:DescribeInstances\",\n                \"ec2:DescribeRegions\",\n                \"ec2:DescribeRouteTables\",\n                \"ec2:DescribeSecurityGroups\",\n                \"ec2:DescribeSubnets\",\n                \"ec2:DescribeVolumes\",\n                \"ec2:CreateSecurityGroup\",\n                \"ec2:CreateTags\",\n                \"ec2:CreateVolume\",\n                \"ec2:ModifyInstanceAttribute\",\n                \"ec2:ModifyVolume\",\n                \"ec2:AttachVolume\",\n                \"ec2:AuthorizeSecurityGroupIngress\",\n                \"ec2:CreateRoute\",\n                \"ec2:DeleteRoute\",\n                \"ec2:DeleteSecurityGroup\",\n                \"ec2:DeleteVolume\",\n                \"ec2:DetachVolume\",\n                \"ec2:RevokeSecurityGroupIngress\",\n                \"ec2:DescribeVpcs\",\n                \"elasticloadbalancing:AddTags\",\n                \"elasticloadbalancing:AttachLoadBalancerToSubnets\",\n                \"elasticloadbalancing:ApplySecurityGroupsToLoadBalancer\",\n                \"elasticloadbalancing:CreateLoadBalancer\",\n                \"elasticloadbalancing:CreateLoadBalancerPolicy\",\n                \"elasticloadbalancing:CreateLoadBalancerListeners\",\n                \"elasticloadbalancing:ConfigureHealthCheck\",\n                \"elasticloadbalancing:DeleteLoadBalancer\",\n                \"elasticloadbalancing:DeleteLoadBalancerListeners\",\n                \"elasticloadbalancing:DescribeLoadBalancers\",\n                \"elasticloadbalancing:DescribeLoadBalancerAttributes\",\n                \"elasticloadbalancing:DetachLoadBalancerFromSubnets\",\n                \"elasticloadbalancing:DeregisterInstancesFromLoadBalancer\",\n                \"elasticloadbalancing:ModifyLoadBalancerAttributes\",\n                \"elasticloadbalancing:RegisterInstancesWithLoadBalancer\",\n                \"elasticloadbalancing:SetLoadBalancerPoliciesForBackendServer\",\n                \"elasticloadbalancing:AddTags\",\n                \"elasticloadbalancing:CreateListener\",\n                \"elasticloadbalancing:CreateTargetGroup\",\n                \"elasticloadbalancing:DeleteListener\",\n                \"elasticloadbalancing:DeleteTargetGroup\",\n                \"elasticloadbalancing:DescribeListeners\",\n                \"elasticloadbalancing:DescribeLoadBalancerPolicies\",\n                \"elasticloadbalancing:DescribeTargetGroups\",\n                \"elasticloadbalancing:DescribeTargetHealth\",\n                \"elasticloadbalancing:ModifyListener\",\n                \"elasticloadbalancing:ModifyTargetGroup\",\n                \"elasticloadbalancing:RegisterTargets\",\n                \"elasticloadbalancing:SetLoadBalancerPoliciesOfListener\",\n                \"iam:CreateServiceLinkedRole\",\n                \"kms:DescribeKey\"\n            ],\n            \"Resource\": [\n                \"*\"\n            ]\n        }\n    ]\n}\n"
          },
          "private": "bnVsbA=="
        }
      ]
    },
    {
      "mode": "managed",
      "type": "aws_iam_policy",
      "name": "SDTD_worker_policy",
      "provider": "provider[\"registry.terraform.io/hashicorp/aws\"]",
      "instances": [
        {
          "schema_version": 0,
          "attributes": {
            "arn": "arn:aws:iam::040712939172:policy/k8s-cluster-iam-worker-policy",
            "description": "",
            "id": "arn:aws:iam::040712939172:policy/k8s-cluster-iam-worker-policy",
            "name": "k8s-cluster-iam-worker-policy",
            "name_prefix": null,
            "path": "/",
            "policy": "{\n    \"Version\": \"2012-10-17\",\n    \"Statement\": [\n        {\n            \"Effect\": \"Allow\",\n            \"Action\": [\n                \"ec2:DescribeInstances\",\n                \"ec2:DescribeRegions\",\n                \"ecr:GetAuthorizationToken\",\n                \"ecr:BatchCheckLayerAvailability\",\n                \"ecr:GetDownloadUrlForLayer\",\n                \"ecr:GetRepositoryPolicy\",\n                \"ecr:DescribeRepositories\",\n                \"ecr:ListImages\",\n                \"ecr:BatchGetImage\"\n            ],\n            \"Resource\": \"*\"\n        }\n    ]\n}\n"
          },
          "private": "bnVsbA=="
        }
      ]
    },
    {
      "mode": "managed",
      "type": "aws_iam_role",
      "name": "SDTD_master_role",
      "provider": "provider[\"registry.terraform.io/hashicorp/aws\"]",
      "instances": [
        {
          "schema_version": 0,
          "attributes": {
            "arn": "arn:aws:iam::040712939172:role/k8s-cluster-iam-master-role",
            "assume_role_policy": "{\"Version\":\"2012-10-17\",\"Statement\":[{\"Sid\":\"\",\"Effect\":\"Allow\",\"Principal\":{\"Service\":\"ec2.amazonaws.com\"},\"Action\":\"sts:AssumeRole\"}]}",
            "create_date": "2021-01-23T15:58:53Z",
            "description": "",
            "force_detach_policies": false,
            "id": "k8s-cluster-iam-master-role",
            "max_session_duration": 3600,
            "name": "k8s-cluster-iam-master-role",
            "name_prefix": null,
            "path": "/",
            "permissions_boundary": null,
            "tags": null,
            "unique_id": "AROAQS6VOE2SOSY2WK6AM"
          },
          "private": "bnVsbA=="
        }
      ]
    },
    {
      "mode": "managed",
      "type": "aws_iam_role",
      "name": "SDTD_worker_role",
      "provider": "provider[\"registry.terraform.io/hashicorp/aws\"]",
      "instances": [
        {
          "schema_version": 0,
          "attributes": {
            "arn": "arn:aws:iam::040712939172:role/k8s-cluster-iam-worker-role",
            "assume_role_policy": "{\"Version\":\"2012-10-17\",\"Statement\":[{\"Sid\":\"\",\"Effect\":\"Allow\",\"Principal\":{\"Service\":\"ec2.amazonaws.com\"},\"Action\":\"sts:AssumeRole\"}]}",
            "create_date": "2021-01-23T15:58:53Z",
            "description": "",
            "force_detach_policies": false,
            "id": "k8s-cluster-iam-worker-role",
            "max_session_duration": 3600,
            "name": "k8s-cluster-iam-worker-role",
            "name_prefix": null,
            "path": "/",
            "permissions_boundary": null,
            "tags": null,
            "unique_id": "AROAQS6VOE2SHEBBCPXVL"
          },
          "private": "bnVsbA=="
        }
      ]
    },
    {
      "mode": "managed",
      "type": "aws_iam_role_policy_attachment",
      "name": "test-attach-master",
      "provider": "provider[\"registry.terraform.io/hashicorp/aws\"]",
      "instances": [
        {
          "schema_version": 0,
          "attributes": {
            "id": "k8s-cluster-iam-master-role-20210123155855335400000001",
            "policy_arn": "arn:aws:iam::040712939172:policy/k8s-cluster-iam-master-policy",
            "role": "k8s-cluster-iam-master-role"
          },
          "private": "bnVsbA==",
          "dependencies": [
            "aws_iam_policy.SDTD_master_policy",
            "aws_iam_role.SDTD_master_role"
          ]
        }
      ]
    },
    {
      "mode": "managed",
      "type": "aws_iam_role_policy_attachment",
      "name": "test-attach-worker",
      "provider": "provider[\"registry.terraform.io/hashicorp/aws\"]",
      "instances": [
        {
          "schema_version": 0,
          "attributes": {
            "id": "k8s-cluster-iam-worker-role-20210123155855352800000002",
            "policy_arn": "arn:aws:iam::040712939172:policy/k8s-cluster-iam-worker-policy",
            "role": "k8s-cluster-iam-worker-role"
          },
          "private": "bnVsbA==",
          "dependencies": [
            "aws_iam_policy.SDTD_worker_policy",
            "aws_iam_role.SDTD_worker_role"
          ]
        }
      ]
    },
    {
      "mode": "managed",
      "type": "aws_instance",
      "name": "master",
      "provider": "provider[\"registry.terraform.io/hashicorp/aws\"]",
      "instances": [
        {
          "schema_version": 1,
          "attributes": {
            "ami": "ami-0885b1f6bd170450c",
            "arn": "arn:aws:ec2:us-east-1:040712939172:instance/i-0ca3e157a9e8412b5",
            "associate_public_ip_address": true,
            "availability_zone": "us-east-1a",
            "cpu_core_count": 2,
            "cpu_threads_per_core": 1,
            "credit_specification": [
              {
                "cpu_credits": "standard"
              }
            ],
            "disable_api_termination": false,
            "ebs_block_device": [],
            "ebs_optimized": false,
            "enclave_options": [
              {
                "enabled": false
              }
            ],
            "ephemeral_block_device": [],
            "get_password_data": false,
            "hibernation": false,
            "host_id": null,
            "iam_instance_profile": "k8s-cluster-iam-master-profile",
            "id": "i-0ca3e157a9e8412b5",
            "instance_initiated_shutdown_behavior": null,
            "instance_state": "running",
            "instance_type": "t2.medium",
            "ipv6_address_count": 0,
            "ipv6_addresses": [],
            "key_name": "id_rsa_sdtd",
            "metadata_options": [
              {
                "http_endpoint": "enabled",
                "http_put_response_hop_limit": 1,
                "http_tokens": "optional"
              }
            ],
            "monitoring": false,
            "network_interface": [],
            "outpost_arn": "",
            "password_data": "",
            "placement_group": "",
            "primary_network_interface_id": "eni-0e0000489827ce8f0",
            "private_dns": "ip-10-0-0-59.ec2.internal",
            "private_ip": "10.0.0.59",
            "public_dns": "ec2-3-86-217-178.compute-1.amazonaws.com",
            "public_ip": "3.86.217.178",
            "root_block_device": [
              {
                "delete_on_termination": true,
                "device_name": "/dev/sda1",
                "encrypted": false,
                "iops": 100,
                "kms_key_id": "",
                "throughput": 0,
                "volume_id": "vol-0187ebae065a0ae7d",
                "volume_size": 8,
                "volume_type": "gp2"
              }
            ],
            "secondary_private_ips": [],
            "security_groups": [
              "sg-05a47ba5623959c14"
            ],
            "source_dest_check": true,
            "subnet_id": "subnet-0945075bc1b4e90af",
            "tags": {
              "Name": "k8s-master-ec2-sdtd",
              "kubernetes.io/cluster/kubernetes": "owned"
            },
            "tenancy": "default",
            "timeouts": null,
            "user_data": "f8087b0ba8370cf9a247d49e10e4861810a6e178",
            "user_data_base64": null,
            "volume_tags": {},
            "vpc_security_group_ids": [
              "sg-05a47ba5623959c14"
            ]
          },
          "private": "eyJlMmJmYjczMC1lY2FhLTExZTYtOGY4OC0zNDM2M2JjN2M0YzAiOnsiY3JlYXRlIjo2MDAwMDAwMDAwMDAsImRlbGV0ZSI6MTIwMDAwMDAwMDAwMCwidXBkYXRlIjo2MDAwMDAwMDAwMDB9LCJzY2hlbWFfdmVyc2lvbiI6IjEifQ==",
          "dependencies": [
            "aws_security_group.SDTD_VPC_Security_Group",
            "aws_subnet.SDTD_VPC_Subnet",
            "aws_vpc.SDTD_VPC",
            "random_string.token_id",
            "random_string.token_secret"
          ]
        }
      ]
    },
    {
      "mode": "managed",
      "type": "aws_instance",
      "name": "workers",
      "provider": "provider[\"registry.terraform.io/hashicorp/aws\"]",
      "instances": [
        {
          "index_key": 0,
          "schema_version": 1,
          "attributes": {
            "ami": "ami-0885b1f6bd170450c",
            "arn": "arn:aws:ec2:us-east-1:040712939172:instance/i-0382d72f49fb3f297",
            "associate_public_ip_address": true,
            "availability_zone": "us-east-1a",
            "cpu_core_count": 2,
            "cpu_threads_per_core": 1,
            "credit_specification": [
              {
                "cpu_credits": "standard"
              }
            ],
            "disable_api_termination": false,
            "ebs_block_device": [],
            "ebs_optimized": false,
            "enclave_options": [
              {
                "enabled": false
              }
            ],
            "ephemeral_block_device": [],
            "get_password_data": false,
            "hibernation": false,
            "host_id": null,
            "iam_instance_profile": "k8s-cluster-iam-worker-profile",
            "id": "i-0382d72f49fb3f297",
            "instance_initiated_shutdown_behavior": null,
            "instance_state": "running",
            "instance_type": "t2.medium",
            "ipv6_address_count": 0,
            "ipv6_addresses": [],
            "key_name": "id_rsa_sdtd",
            "metadata_options": [
              {
                "http_endpoint": "enabled",
                "http_put_response_hop_limit": 1,
                "http_tokens": "optional"
              }
            ],
            "monitoring": false,
            "network_interface": [],
            "outpost_arn": "",
            "password_data": "",
            "placement_group": "",
            "primary_network_interface_id": "eni-05850d774f1219f1d",
            "private_dns": "ip-10-0-0-215.ec2.internal",
            "private_ip": "10.0.0.215",
            "public_dns": "ec2-54-175-243-28.compute-1.amazonaws.com",
            "public_ip": "54.175.243.28",
            "root_block_device": [
              {
                "delete_on_termination": true,
                "device_name": "/dev/sda1",
                "encrypted": false,
                "iops": 100,
                "kms_key_id": "",
                "throughput": 0,
                "volume_id": "vol-0c1c458966d70f261",
                "volume_size": 8,
                "volume_type": "gp2"
              }
            ],
            "secondary_private_ips": [],
            "security_groups": [
              "sg-05a47ba5623959c14"
            ],
            "source_dest_check": true,
            "subnet_id": "subnet-0945075bc1b4e90af",
            "tags": {
              "Name": "k8s-worker-0-sdtd",
              "kubernetes.io/cluster/kubernetes": "owned"
            },
            "tenancy": "default",
            "timeouts": null,
            "user_data": "6ea040d6a244d85e9af919298e954723bc7b712c",
            "user_data_base64": null,
            "volume_tags": {},
            "vpc_security_group_ids": [
              "sg-05a47ba5623959c14"
            ]
          },
          "private": "eyJlMmJmYjczMC1lY2FhLTExZTYtOGY4OC0zNDM2M2JjN2M0YzAiOnsiY3JlYXRlIjo2MDAwMDAwMDAwMDAsImRlbGV0ZSI6MTIwMDAwMDAwMDAwMCwidXBkYXRlIjo2MDAwMDAwMDAwMDB9LCJzY2hlbWFfdmVyc2lvbiI6IjEifQ==",
          "dependencies": [
            "aws_instance.master",
            "aws_security_group.SDTD_VPC_Security_Group",
            "aws_subnet.SDTD_VPC_Subnet",
            "aws_vpc.SDTD_VPC",
            "random_string.token_id",
            "random_string.token_secret"
          ]
        },
        {
          "index_key": 1,
          "schema_version": 1,
          "attributes": {
            "ami": "ami-0885b1f6bd170450c",
            "arn": "arn:aws:ec2:us-east-1:040712939172:instance/i-060fac07d1080569d",
            "associate_public_ip_address": true,
            "availability_zone": "us-east-1a",
            "cpu_core_count": 2,
            "cpu_threads_per_core": 1,
            "credit_specification": [
              {
                "cpu_credits": "standard"
              }
            ],
            "disable_api_termination": false,
            "ebs_block_device": [],
            "ebs_optimized": false,
            "enclave_options": [
              {
                "enabled": false
              }
            ],
            "ephemeral_block_device": [],
            "get_password_data": false,
            "hibernation": false,
            "host_id": null,
            "iam_instance_profile": "k8s-cluster-iam-worker-profile",
            "id": "i-060fac07d1080569d",
            "instance_initiated_shutdown_behavior": null,
            "instance_state": "running",
            "instance_type": "t2.medium",
            "ipv6_address_count": 0,
            "ipv6_addresses": [],
            "key_name": "id_rsa_sdtd",
            "metadata_options": [
              {
                "http_endpoint": "enabled",
                "http_put_response_hop_limit": 1,
                "http_tokens": "optional"
              }
            ],
            "monitoring": false,
            "network_interface": [],
            "outpost_arn": "",
            "password_data": "",
            "placement_group": "",
            "primary_network_interface_id": "eni-0c1615ce06344dbff",
            "private_dns": "ip-10-0-0-250.ec2.internal",
            "private_ip": "10.0.0.250",
            "public_dns": "ec2-3-80-131-30.compute-1.amazonaws.com",
            "public_ip": "3.80.131.30",
            "root_block_device": [
              {
                "delete_on_termination": true,
                "device_name": "/dev/sda1",
                "encrypted": false,
                "iops": 100,
                "kms_key_id": "",
                "throughput": 0,
                "volume_id": "vol-0000b348d5f9372ce",
                "volume_size": 8,
                "volume_type": "gp2"
              }
            ],
            "secondary_private_ips": [],
            "security_groups": [
              "sg-05a47ba5623959c14"
            ],
            "source_dest_check": true,
            "subnet_id": "subnet-0945075bc1b4e90af",
            "tags": {
              "Name": "k8s-worker-1-sdtd",
              "kubernetes.io/cluster/kubernetes": "owned"
            },
            "tenancy": "default",
            "timeouts": null,
            "user_data": "6ea040d6a244d85e9af919298e954723bc7b712c",
            "user_data_base64": null,
            "volume_tags": {},
            "vpc_security_group_ids": [
              "sg-05a47ba5623959c14"
            ]
          },
          "private": "eyJlMmJmYjczMC1lY2FhLTExZTYtOGY4OC0zNDM2M2JjN2M0YzAiOnsiY3JlYXRlIjo2MDAwMDAwMDAwMDAsImRlbGV0ZSI6MTIwMDAwMDAwMDAwMCwidXBkYXRlIjo2MDAwMDAwMDAwMDB9LCJzY2hlbWFfdmVyc2lvbiI6IjEifQ==",
          "dependencies": [
            "aws_instance.master",
            "aws_security_group.SDTD_VPC_Security_Group",
            "aws_subnet.SDTD_VPC_Subnet",
            "aws_vpc.SDTD_VPC",
            "random_string.token_id",
            "random_string.token_secret"
          ]
        },
        {
          "index_key": 2,
          "schema_version": 1,
          "attributes": {
            "ami": "ami-0885b1f6bd170450c",
            "arn": "arn:aws:ec2:us-east-1:040712939172:instance/i-08cf83d2490eb4da3",
            "associate_public_ip_address": true,
            "availability_zone": "us-east-1a",
            "cpu_core_count": 2,
            "cpu_threads_per_core": 1,
            "credit_specification": [
              {
                "cpu_credits": "standard"
              }
            ],
            "disable_api_termination": false,
            "ebs_block_device": [],
            "ebs_optimized": false,
            "enclave_options": [
              {
                "enabled": false
              }
            ],
            "ephemeral_block_device": [],
            "get_password_data": false,
            "hibernation": false,
            "host_id": null,
            "iam_instance_profile": "k8s-cluster-iam-worker-profile",
            "id": "i-08cf83d2490eb4da3",
            "instance_initiated_shutdown_behavior": null,
            "instance_state": "running",
            "instance_type": "t2.medium",
            "ipv6_address_count": 0,
            "ipv6_addresses": [],
            "key_name": "id_rsa_sdtd",
            "metadata_options": [
              {
                "http_endpoint": "enabled",
                "http_put_response_hop_limit": 1,
                "http_tokens": "optional"
              }
            ],
            "monitoring": false,
            "network_interface": [],
            "outpost_arn": "",
            "password_data": "",
            "placement_group": "",
            "primary_network_interface_id": "eni-04bb60491e1ed6690",
            "private_dns": "ip-10-0-0-28.ec2.internal",
            "private_ip": "10.0.0.28",
            "public_dns": "ec2-3-87-44-19.compute-1.amazonaws.com",
            "public_ip": "3.87.44.19",
            "root_block_device": [
              {
                "delete_on_termination": true,
                "device_name": "/dev/sda1",
                "encrypted": false,
                "iops": 100,
                "kms_key_id": "",
                "throughput": 0,
                "volume_id": "vol-08e5b6599374beddb",
                "volume_size": 8,
                "volume_type": "gp2"
              }
            ],
            "secondary_private_ips": [],
            "security_groups": [
              "sg-05a47ba5623959c14"
            ],
            "source_dest_check": true,
            "subnet_id": "subnet-0945075bc1b4e90af",
            "tags": {
              "Name": "k8s-worker-2-sdtd",
              "kubernetes.io/cluster/kubernetes": "owned"
            },
            "tenancy": "default",
            "timeouts": null,
            "user_data": "6ea040d6a244d85e9af919298e954723bc7b712c",
            "user_data_base64": null,
            "volume_tags": {},
            "vpc_security_group_ids": [
              "sg-05a47ba5623959c14"
            ]
          },
          "private": "eyJlMmJmYjczMC1lY2FhLTExZTYtOGY4OC0zNDM2M2JjN2M0YzAiOnsiY3JlYXRlIjo2MDAwMDAwMDAwMDAsImRlbGV0ZSI6MTIwMDAwMDAwMDAwMCwidXBkYXRlIjo2MDAwMDAwMDAwMDB9LCJzY2hlbWFfdmVyc2lvbiI6IjEifQ==",
          "dependencies": [
            "aws_instance.master",
            "aws_security_group.SDTD_VPC_Security_Group",
            "aws_subnet.SDTD_VPC_Subnet",
            "aws_vpc.SDTD_VPC",
            "random_string.token_id",
            "random_string.token_secret"
          ]
        },
        {
          "index_key": 3,
          "schema_version": 1,
          "attributes": {
            "ami": "ami-0885b1f6bd170450c",
            "arn": "arn:aws:ec2:us-east-1:040712939172:instance/i-0e5c95a247bc5aa73",
            "associate_public_ip_address": true,
            "availability_zone": "us-east-1a",
            "cpu_core_count": 2,
            "cpu_threads_per_core": 1,
            "credit_specification": [
              {
                "cpu_credits": "standard"
              }
            ],
            "disable_api_termination": false,
            "ebs_block_device": [],
            "ebs_optimized": false,
            "enclave_options": [
              {
                "enabled": false
              }
            ],
            "ephemeral_block_device": [],
            "get_password_data": false,
            "hibernation": false,
            "host_id": null,
            "iam_instance_profile": "k8s-cluster-iam-worker-profile",
            "id": "i-0e5c95a247bc5aa73",
            "instance_initiated_shutdown_behavior": null,
            "instance_state": "running",
            "instance_type": "t2.medium",
            "ipv6_address_count": 0,
            "ipv6_addresses": [],
            "key_name": "id_rsa_sdtd",
            "metadata_options": [
              {
                "http_endpoint": "enabled",
                "http_put_response_hop_limit": 1,
                "http_tokens": "optional"
              }
            ],
            "monitoring": false,
            "network_interface": [],
            "outpost_arn": "",
            "password_data": "",
            "placement_group": "",
            "primary_network_interface_id": "eni-035918880bc51bb07",
            "private_dns": "ip-10-0-0-81.ec2.internal",
            "private_ip": "10.0.0.81",
            "public_dns": "ec2-52-1-153-49.compute-1.amazonaws.com",
            "public_ip": "52.1.153.49",
            "root_block_device": [
              {
                "delete_on_termination": true,
                "device_name": "/dev/sda1",
                "encrypted": false,
                "iops": 100,
                "kms_key_id": "",
                "throughput": 0,
                "volume_id": "vol-0210a8a056b3d6ec0",
                "volume_size": 8,
                "volume_type": "gp2"
              }
            ],
            "secondary_private_ips": [],
            "security_groups": [
              "sg-05a47ba5623959c14"
            ],
            "source_dest_check": true,
            "subnet_id": "subnet-0945075bc1b4e90af",
            "tags": {
              "Name": "k8s-worker-3-sdtd",
              "kubernetes.io/cluster/kubernetes": "owned"
            },
            "tenancy": "default",
            "timeouts": null,
            "user_data": "6ea040d6a244d85e9af919298e954723bc7b712c",
            "user_data_base64": null,
            "volume_tags": {},
            "vpc_security_group_ids": [
              "sg-05a47ba5623959c14"
            ]
          },
          "private": "eyJlMmJmYjczMC1lY2FhLTExZTYtOGY4OC0zNDM2M2JjN2M0YzAiOnsiY3JlYXRlIjo2MDAwMDAwMDAwMDAsImRlbGV0ZSI6MTIwMDAwMDAwMDAwMCwidXBkYXRlIjo2MDAwMDAwMDAwMDB9LCJzY2hlbWFfdmVyc2lvbiI6IjEifQ==",
          "dependencies": [
            "aws_instance.master",
            "aws_security_group.SDTD_VPC_Security_Group",
            "aws_subnet.SDTD_VPC_Subnet",
            "aws_vpc.SDTD_VPC",
            "random_string.token_id",
            "random_string.token_secret"
          ]
        },
        {
          "index_key": 4,
          "schema_version": 1,
          "attributes": {
            "ami": "ami-0885b1f6bd170450c",
            "arn": "arn:aws:ec2:us-east-1:040712939172:instance/i-0ad36f388db7d4707",
            "associate_public_ip_address": true,
            "availability_zone": "us-east-1a",
            "cpu_core_count": 2,
            "cpu_threads_per_core": 1,
            "credit_specification": [
              {
                "cpu_credits": "standard"
              }
            ],
            "disable_api_termination": false,
            "ebs_block_device": [],
            "ebs_optimized": false,
            "enclave_options": [
              {
                "enabled": false
              }
            ],
            "ephemeral_block_device": [],
            "get_password_data": false,
            "hibernation": false,
            "host_id": null,
            "iam_instance_profile": "k8s-cluster-iam-worker-profile",
            "id": "i-0ad36f388db7d4707",
            "instance_initiated_shutdown_behavior": null,
            "instance_state": "running",
            "instance_type": "t2.medium",
            "ipv6_address_count": 0,
            "ipv6_addresses": [],
            "key_name": "id_rsa_sdtd",
            "metadata_options": [
              {
                "http_endpoint": "enabled",
                "http_put_response_hop_limit": 1,
                "http_tokens": "optional"
              }
            ],
            "monitoring": false,
            "network_interface": [],
            "outpost_arn": "",
            "password_data": "",
            "placement_group": "",
            "primary_network_interface_id": "eni-0293542a897132bcd",
            "private_dns": "ip-10-0-0-100.ec2.internal",
            "private_ip": "10.0.0.100",
            "public_dns": "ec2-52-70-128-89.compute-1.amazonaws.com",
            "public_ip": "52.70.128.89",
            "root_block_device": [
              {
                "delete_on_termination": true,
                "device_name": "/dev/sda1",
                "encrypted": false,
                "iops": 100,
                "kms_key_id": "",
                "throughput": 0,
                "volume_id": "vol-02511b28ffaaf6e03",
                "volume_size": 8,
                "volume_type": "gp2"
              }
            ],
            "secondary_private_ips": [],
            "security_groups": [
              "sg-05a47ba5623959c14"
            ],
            "source_dest_check": true,
            "subnet_id": "subnet-0945075bc1b4e90af",
            "tags": {
              "Name": "k8s-worker-4-sdtd",
              "kubernetes.io/cluster/kubernetes": "owned"
            },
            "tenancy": "default",
            "timeouts": null,
            "user_data": "6ea040d6a244d85e9af919298e954723bc7b712c",
            "user_data_base64": null,
            "volume_tags": {},
            "vpc_security_group_ids": [
              "sg-05a47ba5623959c14"
            ]
          },
          "private": "eyJlMmJmYjczMC1lY2FhLTExZTYtOGY4OC0zNDM2M2JjN2M0YzAiOnsiY3JlYXRlIjo2MDAwMDAwMDAwMDAsImRlbGV0ZSI6MTIwMDAwMDAwMDAwMCwidXBkYXRlIjo2MDAwMDAwMDAwMDB9LCJzY2hlbWFfdmVyc2lvbiI6IjEifQ==",
          "dependencies": [
            "aws_instance.master",
            "aws_security_group.SDTD_VPC_Security_Group",
            "aws_subnet.SDTD_VPC_Subnet",
            "aws_vpc.SDTD_VPC",
            "random_string.token_id",
            "random_string.token_secret"
          ]
        },
        {
          "index_key": 5,
          "schema_version": 1,
          "attributes": {
            "ami": "ami-0885b1f6bd170450c",
            "arn": "arn:aws:ec2:us-east-1:040712939172:instance/i-085e98bb0bf41157e",
            "associate_public_ip_address": true,
            "availability_zone": "us-east-1a",
            "cpu_core_count": 2,
            "cpu_threads_per_core": 1,
            "credit_specification": [
              {
                "cpu_credits": "standard"
              }
            ],
            "disable_api_termination": false,
            "ebs_block_device": [],
            "ebs_optimized": false,
            "enclave_options": [
              {
                "enabled": false
              }
            ],
            "ephemeral_block_device": [],
            "get_password_data": false,
            "hibernation": false,
            "host_id": null,
            "iam_instance_profile": "k8s-cluster-iam-worker-profile",
            "id": "i-085e98bb0bf41157e",
            "instance_initiated_shutdown_behavior": null,
            "instance_state": "running",
            "instance_type": "t2.medium",
            "ipv6_address_count": 0,
            "ipv6_addresses": [],
            "key_name": "id_rsa_sdtd",
            "metadata_options": [
              {
                "http_endpoint": "enabled",
                "http_put_response_hop_limit": 1,
                "http_tokens": "optional"
              }
            ],
            "monitoring": false,
            "network_interface": [],
            "outpost_arn": "",
            "password_data": "",
            "placement_group": "",
            "primary_network_interface_id": "eni-0b98f34d2890c2300",
            "private_dns": "ip-10-0-0-132.ec2.internal",
            "private_ip": "10.0.0.132",
            "public_dns": "ec2-54-224-249-51.compute-1.amazonaws.com",
            "public_ip": "54.224.249.51",
            "root_block_device": [
              {
                "delete_on_termination": true,
                "device_name": "/dev/sda1",
                "encrypted": false,
                "iops": 100,
                "kms_key_id": "",
                "throughput": 0,
                "volume_id": "vol-0afa05d8a0cf70c2d",
                "volume_size": 8,
                "volume_type": "gp2"
              }
            ],
            "secondary_private_ips": [],
            "security_groups": [
              "sg-05a47ba5623959c14"
            ],
            "source_dest_check": true,
            "subnet_id": "subnet-0945075bc1b4e90af",
            "tags": {
              "Name": "k8s-worker-5-sdtd",
              "kubernetes.io/cluster/kubernetes": "owned"
            },
            "tenancy": "default",
            "timeouts": null,
            "user_data": "6ea040d6a244d85e9af919298e954723bc7b712c",
            "user_data_base64": null,
            "volume_tags": {},
            "vpc_security_group_ids": [
              "sg-05a47ba5623959c14"
            ]
          },
          "private": "eyJlMmJmYjczMC1lY2FhLTExZTYtOGY4OC0zNDM2M2JjN2M0YzAiOnsiY3JlYXRlIjo2MDAwMDAwMDAwMDAsImRlbGV0ZSI6MTIwMDAwMDAwMDAwMCwidXBkYXRlIjo2MDAwMDAwMDAwMDB9LCJzY2hlbWFfdmVyc2lvbiI6IjEifQ==",
          "dependencies": [
            "aws_instance.master",
            "aws_security_group.SDTD_VPC_Security_Group",
            "aws_subnet.SDTD_VPC_Subnet",
            "aws_vpc.SDTD_VPC",
            "random_string.token_id",
            "random_string.token_secret"
          ]
        }
      ]
    },
    {
      "mode": "managed",
      "type": "aws_internet_gateway",
      "name": "SDTD_igw",
      "provider": "provider[\"registry.terraform.io/hashicorp/aws\"]",
      "instances": [
        {
          "schema_version": 0,
          "attributes": {
            "arn": "arn:aws:ec2:us-east-1:040712939172:internet-gateway/igw-0a048e756656eab37",
            "id": "igw-0a048e756656eab37",
            "owner_id": "040712939172",
            "tags": {
              "Name": "k8s-cluster-igw-sdtd",
              "kubernetes.io/cluster/kubernetes": "owned"
            },
            "vpc_id": "vpc-024744b9c0c3437cb"
          },
          "private": "bnVsbA==",
          "dependencies": [
            "aws_vpc.SDTD_VPC"
          ]
        }
      ]
    },
    {
      "mode": "managed",
      "type": "aws_key_pair",
      "name": "deployer",
      "provider": "provider[\"registry.terraform.io/hashicorp/aws\"]",
      "instances": [
        {
          "schema_version": 1,
          "attributes": {
            "arn": "arn:aws:ec2:us-east-1:040712939172:key-pair/id_rsa_sdtd",
            "fingerprint": "f0:f8:1a:bc:a5:e9:95:22:5c:96:b1:69:b9:39:62:39",
            "id": "id_rsa_sdtd",
            "key_name": "id_rsa_sdtd",
            "key_name_prefix": null,
            "key_pair_id": "key-018effe4850ec7c3d",
            "public_key": "ssh-rsa AAAAB3NzaC1yc2EAAAADAQABAAABgQDZHUl5aXoo5vMJqgb7sIpWh/7Xw7BLxv2hsPe63JXdJhxx1TE4Y1yUb6nWYdDU7G0rcGROeZ9Ck49iSXAVArcy//wvrjh3knjn1IALjNzG1xKn/ekDyHoFxE9NIDancYaWqmO9cFraF9ZZ7q6rBNuOJCGCHe5m5Z177kl5rkDOxFDCQMgu2R2RkBb7gomO6L8H7H/jLt6RtGS4tjxskoVew8a3myi7oz0fK56VALVehwBw2qXmo0Kl3g5CikWZcpNibrHS2uxpbDtj7AwIyFc8sRtf1xVwMIdFdR0MyRaM6w+to/i4pLg+TssL9drZJMxgMm+UJN2gbNaWHELtIHpMfD5PXSCWorSrVMKyyzZ9vwOgbd4CvvfbOz32SgZIAFnEMWQLhiGdbwa3yMr40fmJsWNvHC0w3jYpEZRKit4NClL92r44Tib0mh3PEbY95GsrhKVSrIuMKbULbPXjb5hUPBRFBMaSgCx9pN4yndkCI8qszF3j+77GTJfkLuZ35l8= amalou@amalou-UX430UNR",
            "tags": null
          },
          "private": "eyJzY2hlbWFfdmVyc2lvbiI6IjEifQ=="
        }
      ]
    },
    {
      "mode": "managed",
      "type": "aws_route_table",
      "name": "SDTD_rtb",
      "provider": "provider[\"registry.terraform.io/hashicorp/aws\"]",
      "instances": [
        {
          "schema_version": 0,
          "attributes": {
            "id": "rtb-0f544db89f764d426",
            "owner_id": "040712939172",
            "propagating_vgws": [],
            "route": [
              {
                "cidr_block": "0.0.0.0/0",
                "egress_only_gateway_id": "",
                "gateway_id": "igw-0a048e756656eab37",
                "instance_id": "",
                "ipv6_cidr_block": "",
                "local_gateway_id": "",
                "nat_gateway_id": "",
                "network_interface_id": "",
                "transit_gateway_id": "",
                "vpc_endpoint_id": "",
                "vpc_peering_connection_id": ""
              }
            ],
            "tags": {
              "Name": "k8s-cluster-igw-rtb",
              "kubernetes.io/cluster/kubernetes": "owned"
            },
            "vpc_id": "vpc-024744b9c0c3437cb"
          },
          "private": "bnVsbA==",
          "dependencies": [
            "aws_internet_gateway.SDTD_igw",
            "aws_vpc.SDTD_VPC"
          ]
        }
      ]
    },
    {
      "mode": "managed",
      "type": "aws_route_table_association",
      "name": "SCTD_VPC_association",
      "provider": "provider[\"registry.terraform.io/hashicorp/aws\"]",
      "instances": [
        {
          "schema_version": 0,
          "attributes": {
            "gateway_id": null,
            "id": "rtbassoc-0d88bf4a6842bd9bd",
            "route_table_id": "rtb-0f544db89f764d426",
            "subnet_id": "subnet-0945075bc1b4e90af"
          },
          "private": "bnVsbA==",
          "dependencies": [
            "aws_internet_gateway.SDTD_igw",
            "aws_route_table.SDTD_rtb",
            "aws_subnet.SDTD_VPC_Subnet",
            "aws_vpc.SDTD_VPC"
          ]
        }
      ]
    },
    {
      "mode": "managed",
      "type": "aws_security_group",
      "name": "SDTD_VPC_Security_Group",
      "provider": "provider[\"registry.terraform.io/hashicorp/aws\"]",
      "instances": [
        {
          "schema_version": 1,
          "attributes": {
            "arn": "arn:aws:ec2:us-east-1:040712939172:security-group/sg-05a47ba5623959c14",
            "description": "Managed by Terraform",
            "egress": [
              {
                "cidr_blocks": [
                  "0.0.0.0/0"
                ],
                "description": "",
                "from_port": 0,
                "ipv6_cidr_blocks": [],
                "prefix_list_ids": [],
                "protocol": "-1",
                "security_groups": [],
                "self": false,
                "to_port": 0
              }
            ],
            "id": "sg-05a47ba5623959c14",
            "ingress": [
              {
                "cidr_blocks": [
                  "0.0.0.0/0"
                ],
                "description": "",
                "from_port": 0,
                "ipv6_cidr_blocks": [],
                "prefix_list_ids": [],
                "protocol": "-1",
                "security_groups": [],
                "self": false,
                "to_port": 0
              },
              {
                "cidr_blocks": [],
                "description": "",
                "from_port": 0,
                "ipv6_cidr_blocks": [
                  "::/0"
                ],
                "prefix_list_ids": [],
                "protocol": "-1",
                "security_groups": [],
                "self": false,
                "to_port": 0
              }
            ],
            "name": "k8s-cluster-sg-sdtd",
            "name_prefix": "",
            "owner_id": "040712939172",
            "revoke_rules_on_delete": false,
            "tags": {
              "Name": "k8s-cluster-sg-sdtd"
            },
            "timeouts": null,
            "vpc_id": "vpc-024744b9c0c3437cb"
          },
          "private": "eyJlMmJmYjczMC1lY2FhLTExZTYtOGY4OC0zNDM2M2JjN2M0YzAiOnsiY3JlYXRlIjo2MDAwMDAwMDAwMDAsImRlbGV0ZSI6NjAwMDAwMDAwMDAwfSwic2NoZW1hX3ZlcnNpb24iOiIxIn0=",
          "dependencies": [
            "aws_vpc.SDTD_VPC"
          ]
        }
      ]
    },
    {
      "mode": "managed",
      "type": "aws_subnet",
      "name": "SDTD_VPC_Subnet",
      "provider": "provider[\"registry.terraform.io/hashicorp/aws\"]",
      "instances": [
        {
          "schema_version": 1,
          "attributes": {
            "arn": "arn:aws:ec2:us-east-1:040712939172:subnet/subnet-0945075bc1b4e90af",
            "assign_ipv6_address_on_creation": false,
            "availability_zone": "us-east-1a",
            "availability_zone_id": "use1-az2",
            "cidr_block": "10.0.0.0/24",
            "id": "subnet-0945075bc1b4e90af",
            "ipv6_cidr_block": "",
            "ipv6_cidr_block_association_id": "",
            "map_public_ip_on_launch": true,
            "outpost_arn": "",
            "owner_id": "040712939172",
            "tags": {
              "Name": "k8s-cluster-net-SDTD",
              "kubernetes.io/cluster/kubernetes": "owned"
            },
            "timeouts": null,
            "vpc_id": "vpc-024744b9c0c3437cb"
          },
          "private": "eyJlMmJmYjczMC1lY2FhLTExZTYtOGY4OC0zNDM2M2JjN2M0YzAiOnsiY3JlYXRlIjo2MDAwMDAwMDAwMDAsImRlbGV0ZSI6MTIwMDAwMDAwMDAwMH0sInNjaGVtYV92ZXJzaW9uIjoiMSJ9",
          "dependencies": [
            "aws_vpc.SDTD_VPC"
          ]
        }
      ]
    },
    {
      "mode": "managed",
      "type": "aws_vpc",
      "name": "SDTD_VPC",
      "provider": "provider[\"registry.terraform.io/hashicorp/aws\"]",
      "instances": [
        {
          "schema_version": 1,
          "attributes": {
            "arn": "arn:aws:ec2:us-east-1:040712939172:vpc/vpc-024744b9c0c3437cb",
            "assign_generated_ipv6_cidr_block": false,
            "cidr_block": "10.0.0.0/16",
            "default_network_acl_id": "acl-07f188fffd6536c2f",
            "default_route_table_id": "rtb-0ea6201c7aed24131",
            "default_security_group_id": "sg-04d5dad909da62f96",
            "dhcp_options_id": "dopt-b937e7c3",
            "enable_classiclink": false,
            "enable_classiclink_dns_support": false,
            "enable_dns_hostnames": true,
            "enable_dns_support": true,
            "id": "vpc-024744b9c0c3437cb",
            "instance_tenancy": "default",
            "ipv6_association_id": "",
            "ipv6_cidr_block": "",
            "main_route_table_id": "rtb-0ea6201c7aed24131",
            "owner_id": "040712939172",
            "tags": {
              "Name": "k8s-cluster-vpc-sdtd",
              "kubernetes.io/cluster/kubernetes": "owned"
            }
          },
          "private": "eyJzY2hlbWFfdmVyc2lvbiI6IjEifQ=="
        }
      ]
    },
    {
      "mode": "managed",
      "type": "random_pet",
      "name": "cluster_name",
      "provider": "provider[\"registry.terraform.io/hashicorp/random\"]",
      "instances": [
        {
          "schema_version": 0,
          "attributes": {
            "id": "driven-pig",
            "keepers": null,
            "length": 2,
            "prefix": null,
            "separator": "-"
          },
          "private": "bnVsbA=="
        }
      ]
    },
    {
      "mode": "managed",
      "type": "random_string",
      "name": "token_id",
      "provider": "provider[\"registry.terraform.io/hashicorp/random\"]",
      "instances": [
        {
          "schema_version": 1,
          "attributes": {
            "id": "7lamtv",
            "keepers": null,
            "length": 6,
            "lower": true,
            "min_lower": 0,
            "min_numeric": 0,
            "min_special": 0,
            "min_upper": 0,
            "number": true,
            "override_special": null,
            "result": "7lamtv",
            "special": false,
            "upper": false
          },
          "private": "eyJzY2hlbWFfdmVyc2lvbiI6IjEifQ=="
        }
      ]
    },
    {
      "mode": "managed",
      "type": "random_string",
      "name": "token_secret",
      "provider": "provider[\"registry.terraform.io/hashicorp/random\"]",
      "instances": [
        {
          "schema_version": 1,
          "attributes": {
            "id": "uyf5kz4sxzwiuka6",
            "keepers": null,
            "length": 16,
            "lower": true,
            "min_lower": 0,
            "min_numeric": 0,
            "min_special": 0,
            "min_upper": 0,
            "number": true,
            "override_special": null,
            "result": "uyf5kz4sxzwiuka6",
            "special": false,
            "upper": false
          },
          "private": "eyJzY2hlbWFfdmVyc2lvbiI6IjEifQ=="
        }
      ]
    }
  ]
}
