{
  "version": 4,
  "terraform_version": "0.13.5",
  "serial": 1179,
  "lineage": "7b7cd20e-0301-087c-fdc0-bbca6506055f",
  "outputs": {},
  "resources": [
    {
      "mode": "managed",
      "type": "aws_eip",
      "name": "master",
      "provider": "provider[\"registry.terraform.io/hashicorp/aws\"]",
      "instances": [
        {
          "schema_version": 0,
          "attributes": {
            "allocation_id": null,
            "associate_with_private_ip": null,
            "association_id": "",
            "customer_owned_ip": "",
            "customer_owned_ipv4_pool": "",
            "domain": "vpc",
            "id": "eipalloc-0c1d8400648e18801",
            "instance": "",
            "network_border_group": "us-east-1",
            "network_interface": "",
            "private_dns": null,
            "private_ip": "",
            "public_dns": "ec2-3-212-151-49.compute-1.amazonaws.com",
            "public_ip": "3.212.151.49",
            "public_ipv4_pool": "amazon",
            "tags": null,
            "timeouts": null,
            "vpc": true
          },
          "private": "eyJlMmJmYjczMC1lY2FhLTExZTYtOGY4OC0zNDM2M2JjN2M0YzAiOnsiZGVsZXRlIjoxODAwMDAwMDAwMDAsInJlYWQiOjkwMDAwMDAwMDAwMCwidXBkYXRlIjozMDAwMDAwMDAwMDB9fQ=="
        }
      ]
    },
    {
      "mode": "managed",
      "type": "aws_eip_association",
      "name": "master",
      "provider": "provider[\"registry.terraform.io/hashicorp/aws\"]",
      "instances": [
        {
          "schema_version": 0,
          "attributes": {
            "allocation_id": "eipalloc-0c1d8400648e18801",
            "allow_reassociation": null,
            "id": "eipassoc-0fc2a286eeea21e88",
            "instance_id": "i-09fbb2785070656c9",
            "network_interface_id": "eni-005ff17fd7e7ff7ed",
            "private_ip_address": "10.0.0.225",
            "public_ip": "3.212.151.49"
          },
          "private": "bnVsbA==",
          "dependencies": [
            "aws_eip.master",
            "aws_instance.master",
            "aws_security_group.SDTD_VPC_Security_Group",
            "aws_subnet.SDTD_VPC_Subnet",
            "aws_vpc.SDTD_VPC",
            "random_string.token_id",
            "random_string.token_secret"
          ]
        }
      ]
    },
    {
      "mode": "managed",
      "type": "aws_instance",
      "name": "master",
      "provider": "provider[\"registry.terraform.io/hashicorp/aws\"]",
      "instances": [
        {
          "schema_version": 1,
          "attributes": {
            "ami": "ami-0885b1f6bd170450c",
            "arn": "arn:aws:ec2:us-east-1:563825153145:instance/i-09fbb2785070656c9",
            "associate_public_ip_address": true,
            "availability_zone": "us-east-1a",
            "cpu_core_count": 2,
            "cpu_threads_per_core": 1,
            "credit_specification": [
              {
                "cpu_credits": "standard"
              }
            ],
            "disable_api_termination": false,
            "ebs_block_device": [],
            "ebs_optimized": false,
            "ephemeral_block_device": [],
            "get_password_data": false,
            "hibernation": false,
            "host_id": null,
            "iam_instance_profile": "k8s-cluster-iam-master-role",
            "id": "i-09fbb2785070656c9",
            "instance_initiated_shutdown_behavior": null,
            "instance_state": "running",
            "instance_type": "t2.medium",
            "ipv6_address_count": 0,
            "ipv6_addresses": [],
            "key_name": "id_rsa_sdtd",
            "metadata_options": [
              {
                "http_endpoint": "enabled",
                "http_put_response_hop_limit": 1,
                "http_tokens": "optional"
              }
            ],
            "monitoring": false,
            "network_interface": [],
            "outpost_arn": "",
            "password_data": "",
            "placement_group": "",
            "primary_network_interface_id": "eni-005ff17fd7e7ff7ed",
            "private_dns": "ip-10-0-0-225.ec2.internal",
            "private_ip": "10.0.0.225",
            "public_dns": "ec2-54-87-25-151.compute-1.amazonaws.com",
            "public_ip": "54.87.25.151",
            "root_block_device": [
              {
                "delete_on_termination": true,
                "device_name": "/dev/sda1",
                "encrypted": false,
                "iops": 100,
                "kms_key_id": "",
                "volume_id": "vol-031875948efaef29b",
                "volume_size": 8,
                "volume_type": "gp2"
              }
            ],
            "secondary_private_ips": [],
            "security_groups": [
              "sg-064e308bb8913d7ce"
            ],
            "source_dest_check": true,
            "subnet_id": "subnet-05227cacc6e9c7031",
            "tags": {
              "Name": "k8s-master-ec2-sdtd",
              "kubernetes.io/cluster/kubernetes": "owned"
            },
            "tenancy": "default",
            "timeouts": null,
            "user_data": "a61ebc1144ef92b33055de1bb8561c6b514394c6",
            "user_data_base64": null,
            "volume_tags": {},
            "vpc_security_group_ids": [
              "sg-064e308bb8913d7ce"
            ]
          },
          "private": "eyJlMmJmYjczMC1lY2FhLTExZTYtOGY4OC0zNDM2M2JjN2M0YzAiOnsiY3JlYXRlIjo2MDAwMDAwMDAwMDAsImRlbGV0ZSI6MTIwMDAwMDAwMDAwMCwidXBkYXRlIjo2MDAwMDAwMDAwMDB9LCJzY2hlbWFfdmVyc2lvbiI6IjEifQ==",
          "dependencies": [
            "aws_eip.master",
            "aws_security_group.SDTD_VPC_Security_Group",
            "aws_subnet.SDTD_VPC_Subnet",
            "aws_vpc.SDTD_VPC",
            "random_string.token_id",
            "random_string.token_secret"
          ]
        }
      ]
    },
    {
      "mode": "managed",
      "type": "aws_instance",
      "name": "workers",
      "provider": "provider[\"registry.terraform.io/hashicorp/aws\"]",
      "instances": [
        {
          "index_key": 0,
          "schema_version": 1,
          "attributes": {
            "ami": "ami-0885b1f6bd170450c",
            "arn": "arn:aws:ec2:us-east-1:563825153145:instance/i-008ca3f57439bedc2",
            "associate_public_ip_address": true,
            "availability_zone": "us-east-1a",
            "cpu_core_count": 2,
            "cpu_threads_per_core": 1,
            "credit_specification": [
              {
                "cpu_credits": "standard"
              }
            ],
            "disable_api_termination": false,
            "ebs_block_device": [],
            "ebs_optimized": false,
            "ephemeral_block_device": [],
            "get_password_data": false,
            "hibernation": false,
            "host_id": null,
            "iam_instance_profile": "k8s-cluster-iam-worker-role",
            "id": "i-008ca3f57439bedc2",
            "instance_initiated_shutdown_behavior": null,
            "instance_state": "running",
            "instance_type": "t2.medium",
            "ipv6_address_count": 0,
            "ipv6_addresses": [],
            "key_name": "id_rsa_sdtd",
            "metadata_options": [
              {
                "http_endpoint": "enabled",
                "http_put_response_hop_limit": 1,
                "http_tokens": "optional"
              }
            ],
            "monitoring": false,
            "network_interface": [],
            "outpost_arn": "",
            "password_data": "",
            "placement_group": "",
            "primary_network_interface_id": "eni-09dec4465221e615d",
            "private_dns": "ip-10-0-0-67.ec2.internal",
            "private_ip": "10.0.0.67",
            "public_dns": "ec2-54-234-13-201.compute-1.amazonaws.com",
            "public_ip": "54.234.13.201",
            "root_block_device": [
              {
                "delete_on_termination": true,
                "device_name": "/dev/sda1",
                "encrypted": false,
                "iops": 100,
                "kms_key_id": "",
                "volume_id": "vol-0d041178f67d6f93a",
                "volume_size": 8,
                "volume_type": "gp2"
              }
            ],
            "secondary_private_ips": [],
            "security_groups": [
              "sg-064e308bb8913d7ce"
            ],
            "source_dest_check": true,
            "subnet_id": "subnet-05227cacc6e9c7031",
            "tags": {
              "Name": "k8s-worker-0-sdtd",
              "kubernetes.io/cluster/kubernetes": "owned"
            },
            "tenancy": "default",
            "timeouts": null,
            "user_data": "b061b44ef5e78b85a6b75e909c024de14680ebd7",
            "user_data_base64": null,
            "volume_tags": {},
            "vpc_security_group_ids": [
              "sg-064e308bb8913d7ce"
            ]
          },
          "private": "eyJlMmJmYjczMC1lY2FhLTExZTYtOGY4OC0zNDM2M2JjN2M0YzAiOnsiY3JlYXRlIjo2MDAwMDAwMDAwMDAsImRlbGV0ZSI6MTIwMDAwMDAwMDAwMCwidXBkYXRlIjo2MDAwMDAwMDAwMDB9LCJzY2hlbWFfdmVyc2lvbiI6IjEifQ==",
          "dependencies": [
            "aws_eip.master",
            "aws_instance.master",
            "aws_security_group.SDTD_VPC_Security_Group",
            "aws_subnet.SDTD_VPC_Subnet",
            "aws_vpc.SDTD_VPC",
            "random_string.token_id",
            "random_string.token_secret"
          ]
        },
        {
          "index_key": 1,
          "schema_version": 1,
          "attributes": {
            "ami": "ami-0885b1f6bd170450c",
            "arn": "arn:aws:ec2:us-east-1:563825153145:instance/i-05d9d0c3613293a61",
            "associate_public_ip_address": true,
            "availability_zone": "us-east-1a",
            "cpu_core_count": 2,
            "cpu_threads_per_core": 1,
            "credit_specification": [
              {
                "cpu_credits": "standard"
              }
            ],
            "disable_api_termination": false,
            "ebs_block_device": [],
            "ebs_optimized": false,
            "ephemeral_block_device": [],
            "get_password_data": false,
            "hibernation": false,
            "host_id": null,
            "iam_instance_profile": "k8s-cluster-iam-worker-role",
            "id": "i-05d9d0c3613293a61",
            "instance_initiated_shutdown_behavior": null,
            "instance_state": "running",
            "instance_type": "t2.medium",
            "ipv6_address_count": 0,
            "ipv6_addresses": [],
            "key_name": "id_rsa_sdtd",
            "metadata_options": [
              {
                "http_endpoint": "enabled",
                "http_put_response_hop_limit": 1,
                "http_tokens": "optional"
              }
            ],
            "monitoring": false,
            "network_interface": [],
            "outpost_arn": "",
            "password_data": "",
            "placement_group": "",
            "primary_network_interface_id": "eni-00d0debaf2f0f0e5c",
            "private_dns": "ip-10-0-0-62.ec2.internal",
            "private_ip": "10.0.0.62",
            "public_dns": "ec2-54-91-1-28.compute-1.amazonaws.com",
            "public_ip": "54.91.1.28",
            "root_block_device": [
              {
                "delete_on_termination": true,
                "device_name": "/dev/sda1",
                "encrypted": false,
                "iops": 100,
                "kms_key_id": "",
                "volume_id": "vol-08d4d241c89ef4dea",
                "volume_size": 8,
                "volume_type": "gp2"
              }
            ],
            "secondary_private_ips": [],
            "security_groups": [
              "sg-064e308bb8913d7ce"
            ],
            "source_dest_check": true,
            "subnet_id": "subnet-05227cacc6e9c7031",
            "tags": {
              "Name": "k8s-worker-1-sdtd",
              "kubernetes.io/cluster/kubernetes": "owned"
            },
            "tenancy": "default",
            "timeouts": null,
            "user_data": "b061b44ef5e78b85a6b75e909c024de14680ebd7",
            "user_data_base64": null,
            "volume_tags": {},
            "vpc_security_group_ids": [
              "sg-064e308bb8913d7ce"
            ]
          },
          "private": "eyJlMmJmYjczMC1lY2FhLTExZTYtOGY4OC0zNDM2M2JjN2M0YzAiOnsiY3JlYXRlIjo2MDAwMDAwMDAwMDAsImRlbGV0ZSI6MTIwMDAwMDAwMDAwMCwidXBkYXRlIjo2MDAwMDAwMDAwMDB9LCJzY2hlbWFfdmVyc2lvbiI6IjEifQ==",
          "dependencies": [
            "aws_eip.master",
            "aws_instance.master",
            "aws_security_group.SDTD_VPC_Security_Group",
            "aws_subnet.SDTD_VPC_Subnet",
            "aws_vpc.SDTD_VPC",
            "random_string.token_id",
            "random_string.token_secret"
          ]
        },
        {
          "index_key": 2,
          "schema_version": 1,
          "attributes": {
            "ami": "ami-0885b1f6bd170450c",
            "arn": "arn:aws:ec2:us-east-1:563825153145:instance/i-0f709fcbd0fc39a97",
            "associate_public_ip_address": true,
            "availability_zone": "us-east-1a",
            "cpu_core_count": 2,
            "cpu_threads_per_core": 1,
            "credit_specification": [
              {
                "cpu_credits": "standard"
              }
            ],
            "disable_api_termination": false,
            "ebs_block_device": [],
            "ebs_optimized": false,
            "ephemeral_block_device": [],
            "get_password_data": false,
            "hibernation": false,
            "host_id": null,
            "iam_instance_profile": "k8s-cluster-iam-worker-role",
            "id": "i-0f709fcbd0fc39a97",
            "instance_initiated_shutdown_behavior": null,
            "instance_state": "running",
            "instance_type": "t2.medium",
            "ipv6_address_count": 0,
            "ipv6_addresses": [],
            "key_name": "id_rsa_sdtd",
            "metadata_options": [
              {
                "http_endpoint": "enabled",
                "http_put_response_hop_limit": 1,
                "http_tokens": "optional"
              }
            ],
            "monitoring": false,
            "network_interface": [],
            "outpost_arn": "",
            "password_data": "",
            "placement_group": "",
            "primary_network_interface_id": "eni-0452ea26cd7a6386b",
            "private_dns": "ip-10-0-0-20.ec2.internal",
            "private_ip": "10.0.0.20",
            "public_dns": "ec2-52-200-214-50.compute-1.amazonaws.com",
            "public_ip": "52.200.214.50",
            "root_block_device": [
              {
                "delete_on_termination": true,
                "device_name": "/dev/sda1",
                "encrypted": false,
                "iops": 100,
                "kms_key_id": "",
                "volume_id": "vol-067a4b6ca26bbdb7a",
                "volume_size": 8,
                "volume_type": "gp2"
              }
            ],
            "secondary_private_ips": [],
            "security_groups": [
              "sg-064e308bb8913d7ce"
            ],
            "source_dest_check": true,
            "subnet_id": "subnet-05227cacc6e9c7031",
            "tags": {
              "Name": "k8s-worker-2-sdtd",
              "kubernetes.io/cluster/kubernetes": "owned"
            },
            "tenancy": "default",
            "timeouts": null,
            "user_data": "b061b44ef5e78b85a6b75e909c024de14680ebd7",
            "user_data_base64": null,
            "volume_tags": {},
            "vpc_security_group_ids": [
              "sg-064e308bb8913d7ce"
            ]
          },
          "private": "eyJlMmJmYjczMC1lY2FhLTExZTYtOGY4OC0zNDM2M2JjN2M0YzAiOnsiY3JlYXRlIjo2MDAwMDAwMDAwMDAsImRlbGV0ZSI6MTIwMDAwMDAwMDAwMCwidXBkYXRlIjo2MDAwMDAwMDAwMDB9LCJzY2hlbWFfdmVyc2lvbiI6IjEifQ==",
          "dependencies": [
            "aws_eip.master",
            "aws_instance.master",
            "aws_security_group.SDTD_VPC_Security_Group",
            "aws_subnet.SDTD_VPC_Subnet",
            "aws_vpc.SDTD_VPC",
            "random_string.token_id",
            "random_string.token_secret"
          ]
        },
        {
          "index_key": 3,
          "schema_version": 1,
          "attributes": {
            "ami": "ami-0885b1f6bd170450c",
            "arn": "arn:aws:ec2:us-east-1:563825153145:instance/i-047ea048e5d9b75a0",
            "associate_public_ip_address": true,
            "availability_zone": "us-east-1a",
            "cpu_core_count": 2,
            "cpu_threads_per_core": 1,
            "credit_specification": [
              {
                "cpu_credits": "standard"
              }
            ],
            "disable_api_termination": false,
            "ebs_block_device": [],
            "ebs_optimized": false,
            "ephemeral_block_device": [],
            "get_password_data": false,
            "hibernation": false,
            "host_id": null,
            "iam_instance_profile": "k8s-cluster-iam-worker-role",
            "id": "i-047ea048e5d9b75a0",
            "instance_initiated_shutdown_behavior": null,
            "instance_state": "running",
            "instance_type": "t2.medium",
            "ipv6_address_count": 0,
            "ipv6_addresses": [],
            "key_name": "id_rsa_sdtd",
            "metadata_options": [
              {
                "http_endpoint": "enabled",
                "http_put_response_hop_limit": 1,
                "http_tokens": "optional"
              }
            ],
            "monitoring": false,
            "network_interface": [],
            "outpost_arn": "",
            "password_data": "",
            "placement_group": "",
            "primary_network_interface_id": "eni-0b4a05ac1737692fe",
            "private_dns": "ip-10-0-0-7.ec2.internal",
            "private_ip": "10.0.0.7",
            "public_dns": "ec2-54-234-52-162.compute-1.amazonaws.com",
            "public_ip": "54.234.52.162",
            "root_block_device": [
              {
                "delete_on_termination": true,
                "device_name": "/dev/sda1",
                "encrypted": false,
                "iops": 100,
                "kms_key_id": "",
                "volume_id": "vol-07f05543f381436d5",
                "volume_size": 8,
                "volume_type": "gp2"
              }
            ],
            "secondary_private_ips": [],
            "security_groups": [
              "sg-064e308bb8913d7ce"
            ],
            "source_dest_check": true,
            "subnet_id": "subnet-05227cacc6e9c7031",
            "tags": {
              "Name": "k8s-worker-3-sdtd",
              "kubernetes.io/cluster/kubernetes": "owned"
            },
            "tenancy": "default",
            "timeouts": null,
            "user_data": "b061b44ef5e78b85a6b75e909c024de14680ebd7",
            "user_data_base64": null,
            "volume_tags": {},
            "vpc_security_group_ids": [
              "sg-064e308bb8913d7ce"
            ]
          },
          "private": "eyJlMmJmYjczMC1lY2FhLTExZTYtOGY4OC0zNDM2M2JjN2M0YzAiOnsiY3JlYXRlIjo2MDAwMDAwMDAwMDAsImRlbGV0ZSI6MTIwMDAwMDAwMDAwMCwidXBkYXRlIjo2MDAwMDAwMDAwMDB9LCJzY2hlbWFfdmVyc2lvbiI6IjEifQ==",
          "dependencies": [
            "aws_eip.master",
            "aws_instance.master",
            "aws_security_group.SDTD_VPC_Security_Group",
            "aws_subnet.SDTD_VPC_Subnet",
            "aws_vpc.SDTD_VPC",
            "random_string.token_id",
            "random_string.token_secret"
          ]
        },
        {
          "index_key": 4,
          "schema_version": 1,
          "attributes": {
            "ami": "ami-0885b1f6bd170450c",
            "arn": "arn:aws:ec2:us-east-1:563825153145:instance/i-0ca4b49953a561df8",
            "associate_public_ip_address": true,
            "availability_zone": "us-east-1a",
            "cpu_core_count": 2,
            "cpu_threads_per_core": 1,
            "credit_specification": [
              {
                "cpu_credits": "standard"
              }
            ],
            "disable_api_termination": false,
            "ebs_block_device": [],
            "ebs_optimized": false,
            "ephemeral_block_device": [],
            "get_password_data": false,
            "hibernation": false,
            "host_id": null,
            "iam_instance_profile": "k8s-cluster-iam-worker-role",
            "id": "i-0ca4b49953a561df8",
            "instance_initiated_shutdown_behavior": null,
            "instance_state": "running",
            "instance_type": "t2.medium",
            "ipv6_address_count": 0,
            "ipv6_addresses": [],
            "key_name": "id_rsa_sdtd",
            "metadata_options": [
              {
                "http_endpoint": "enabled",
                "http_put_response_hop_limit": 1,
                "http_tokens": "optional"
              }
            ],
            "monitoring": false,
            "network_interface": [],
            "outpost_arn": "",
            "password_data": "",
            "placement_group": "",
            "primary_network_interface_id": "eni-0bb362a964ecf9361",
            "private_dns": "ip-10-0-0-31.ec2.internal",
            "private_ip": "10.0.0.31",
            "public_dns": "ec2-3-88-51-188.compute-1.amazonaws.com",
            "public_ip": "3.88.51.188",
            "root_block_device": [
              {
                "delete_on_termination": true,
                "device_name": "/dev/sda1",
                "encrypted": false,
                "iops": 100,
                "kms_key_id": "",
                "volume_id": "vol-04f691f073db7ba44",
                "volume_size": 8,
                "volume_type": "gp2"
              }
            ],
            "secondary_private_ips": [],
            "security_groups": [
              "sg-064e308bb8913d7ce"
            ],
            "source_dest_check": true,
            "subnet_id": "subnet-05227cacc6e9c7031",
            "tags": {
              "Name": "k8s-worker-4-sdtd",
              "kubernetes.io/cluster/kubernetes": "owned"
            },
            "tenancy": "default",
            "timeouts": null,
            "user_data": "b061b44ef5e78b85a6b75e909c024de14680ebd7",
            "user_data_base64": null,
            "volume_tags": {},
            "vpc_security_group_ids": [
              "sg-064e308bb8913d7ce"
            ]
          },
          "private": "eyJlMmJmYjczMC1lY2FhLTExZTYtOGY4OC0zNDM2M2JjN2M0YzAiOnsiY3JlYXRlIjo2MDAwMDAwMDAwMDAsImRlbGV0ZSI6MTIwMDAwMDAwMDAwMCwidXBkYXRlIjo2MDAwMDAwMDAwMDB9LCJzY2hlbWFfdmVyc2lvbiI6IjEifQ==",
          "dependencies": [
            "aws_eip.master",
            "aws_instance.master",
            "aws_security_group.SDTD_VPC_Security_Group",
            "aws_subnet.SDTD_VPC_Subnet",
            "aws_vpc.SDTD_VPC",
            "random_string.token_id",
            "random_string.token_secret"
          ]
        },
        {
          "index_key": 5,
          "schema_version": 1,
          "attributes": {
            "ami": "ami-0885b1f6bd170450c",
            "arn": "arn:aws:ec2:us-east-1:563825153145:instance/i-0f431be5d3b8a267c",
            "associate_public_ip_address": true,
            "availability_zone": "us-east-1a",
            "cpu_core_count": 2,
            "cpu_threads_per_core": 1,
            "credit_specification": [
              {
                "cpu_credits": "standard"
              }
            ],
            "disable_api_termination": false,
            "ebs_block_device": [],
            "ebs_optimized": false,
            "ephemeral_block_device": [],
            "get_password_data": false,
            "hibernation": false,
            "host_id": null,
            "iam_instance_profile": "k8s-cluster-iam-worker-role",
            "id": "i-0f431be5d3b8a267c",
            "instance_initiated_shutdown_behavior": null,
            "instance_state": "running",
            "instance_type": "t2.medium",
            "ipv6_address_count": 0,
            "ipv6_addresses": [],
            "key_name": "id_rsa_sdtd",
            "metadata_options": [
              {
                "http_endpoint": "enabled",
                "http_put_response_hop_limit": 1,
                "http_tokens": "optional"
              }
            ],
            "monitoring": false,
            "network_interface": [],
            "outpost_arn": "",
            "password_data": "",
            "placement_group": "",
            "primary_network_interface_id": "eni-0abc2539841144baa",
            "private_dns": "ip-10-0-0-24.ec2.internal",
            "private_ip": "10.0.0.24",
            "public_dns": "ec2-52-87-225-64.compute-1.amazonaws.com",
            "public_ip": "52.87.225.64",
            "root_block_device": [
              {
                "delete_on_termination": true,
                "device_name": "/dev/sda1",
                "encrypted": false,
                "iops": 100,
                "kms_key_id": "",
                "volume_id": "vol-084a00a1d65593872",
                "volume_size": 8,
                "volume_type": "gp2"
              }
            ],
            "secondary_private_ips": [],
            "security_groups": [
              "sg-064e308bb8913d7ce"
            ],
            "source_dest_check": true,
            "subnet_id": "subnet-05227cacc6e9c7031",
            "tags": {
              "Name": "k8s-worker-5-sdtd",
              "kubernetes.io/cluster/kubernetes": "owned"
            },
            "tenancy": "default",
            "timeouts": null,
            "user_data": "b061b44ef5e78b85a6b75e909c024de14680ebd7",
            "user_data_base64": null,
            "volume_tags": {},
            "vpc_security_group_ids": [
              "sg-064e308bb8913d7ce"
            ]
          },
          "private": "eyJlMmJmYjczMC1lY2FhLTExZTYtOGY4OC0zNDM2M2JjN2M0YzAiOnsiY3JlYXRlIjo2MDAwMDAwMDAwMDAsImRlbGV0ZSI6MTIwMDAwMDAwMDAwMCwidXBkYXRlIjo2MDAwMDAwMDAwMDB9LCJzY2hlbWFfdmVyc2lvbiI6IjEifQ==",
          "dependencies": [
            "aws_eip.master",
            "aws_instance.master",
            "aws_security_group.SDTD_VPC_Security_Group",
            "aws_subnet.SDTD_VPC_Subnet",
            "aws_vpc.SDTD_VPC",
            "random_string.token_id",
            "random_string.token_secret"
          ]
        }
      ]
    },
    {
      "mode": "managed",
      "type": "aws_internet_gateway",
      "name": "SDTD_igw",
      "provider": "provider[\"registry.terraform.io/hashicorp/aws\"]",
      "instances": [
        {
          "schema_version": 0,
          "attributes": {
            "arn": "arn:aws:ec2:us-east-1:563825153145:internet-gateway/igw-076af78408b7fce17",
            "id": "igw-076af78408b7fce17",
            "owner_id": "563825153145",
            "tags": {
              "Name": "k8s-cluster-igw-sdtd",
              "kubernetes.io/cluster/kubernetes": "owned"
            },
            "vpc_id": "vpc-005056e987b84d26a"
          },
          "private": "bnVsbA==",
          "dependencies": [
            "aws_vpc.SDTD_VPC"
          ]
        }
      ]
    },
    {
      "mode": "managed",
      "type": "aws_key_pair",
      "name": "deployer",
      "provider": "provider[\"registry.terraform.io/hashicorp/aws\"]",
      "instances": [
        {
          "schema_version": 1,
          "attributes": {
            "arn": "arn:aws:ec2:us-east-1:563825153145:key-pair/id_rsa_sdtd",
            "fingerprint": "f0:f8:1a:bc:a5:e9:95:22:5c:96:b1:69:b9:39:62:39",
            "id": "id_rsa_sdtd",
            "key_name": "id_rsa_sdtd",
            "key_name_prefix": null,
            "key_pair_id": "key-027ad7287bb0e791a",
            "public_key": "ssh-rsa AAAAB3NzaC1yc2EAAAADAQABAAABgQDZHUl5aXoo5vMJqgb7sIpWh/7Xw7BLxv2hsPe63JXdJhxx1TE4Y1yUb6nWYdDU7G0rcGROeZ9Ck49iSXAVArcy//wvrjh3knjn1IALjNzG1xKn/ekDyHoFxE9NIDancYaWqmO9cFraF9ZZ7q6rBNuOJCGCHe5m5Z177kl5rkDOxFDCQMgu2R2RkBb7gomO6L8H7H/jLt6RtGS4tjxskoVew8a3myi7oz0fK56VALVehwBw2qXmo0Kl3g5CikWZcpNibrHS2uxpbDtj7AwIyFc8sRtf1xVwMIdFdR0MyRaM6w+to/i4pLg+TssL9drZJMxgMm+UJN2gbNaWHELtIHpMfD5PXSCWorSrVMKyyzZ9vwOgbd4CvvfbOz32SgZIAFnEMWQLhiGdbwa3yMr40fmJsWNvHC0w3jYpEZRKit4NClL92r44Tib0mh3PEbY95GsrhKVSrIuMKbULbPXjb5hUPBRFBMaSgCx9pN4yndkCI8qszF3j+77GTJfkLuZ35l8= amalou@amalou-UX430UNR",
            "tags": null
          },
          "private": "eyJzY2hlbWFfdmVyc2lvbiI6IjEifQ=="
        }
      ]
    },
    {
      "mode": "managed",
      "type": "aws_route_table",
      "name": "SDTD_rtb",
      "provider": "provider[\"registry.terraform.io/hashicorp/aws\"]",
      "instances": [
        {
          "schema_version": 0,
          "attributes": {
            "id": "rtb-02a5ad2e4c11e579c",
            "owner_id": "563825153145",
            "propagating_vgws": [],
            "route": [
              {
                "cidr_block": "0.0.0.0/0",
                "egress_only_gateway_id": "",
                "gateway_id": "igw-076af78408b7fce17",
                "instance_id": "",
                "ipv6_cidr_block": "",
                "local_gateway_id": "",
                "nat_gateway_id": "",
                "network_interface_id": "",
                "transit_gateway_id": "",
                "vpc_endpoint_id": "",
                "vpc_peering_connection_id": ""
              }
            ],
            "tags": {
              "Name": "k8s-cluster-igw-rtb",
              "kubernetes.io/cluster/kubernetes": "owned"
            },
            "vpc_id": "vpc-005056e987b84d26a"
          },
          "private": "bnVsbA==",
          "dependencies": [
            "aws_internet_gateway.SDTD_igw",
            "aws_vpc.SDTD_VPC"
          ]
        }
      ]
    },
    {
      "mode": "managed",
      "type": "aws_route_table_association",
      "name": "SCTD_VPC_association",
      "provider": "provider[\"registry.terraform.io/hashicorp/aws\"]",
      "instances": [
        {
          "schema_version": 0,
          "attributes": {
            "gateway_id": null,
            "id": "rtbassoc-03d33ff4a854c9697",
            "route_table_id": "rtb-02a5ad2e4c11e579c",
            "subnet_id": "subnet-05227cacc6e9c7031"
          },
          "private": "bnVsbA==",
          "dependencies": [
            "aws_internet_gateway.SDTD_igw",
            "aws_route_table.SDTD_rtb",
            "aws_subnet.SDTD_VPC_Subnet",
            "aws_vpc.SDTD_VPC"
          ]
        }
      ]
    },
    {
      "mode": "managed",
      "type": "aws_security_group",
      "name": "SDTD_VPC_Security_Group",
      "provider": "provider[\"registry.terraform.io/hashicorp/aws\"]",
      "instances": [
        {
          "schema_version": 1,
          "attributes": {
            "arn": "arn:aws:ec2:us-east-1:563825153145:security-group/sg-064e308bb8913d7ce",
            "description": "Managed by Terraform",
            "egress": [
              {
                "cidr_blocks": [
                  "0.0.0.0/0"
                ],
                "description": "",
                "from_port": 0,
                "ipv6_cidr_blocks": [],
                "prefix_list_ids": [],
                "protocol": "-1",
                "security_groups": [],
                "self": false,
                "to_port": 0
              }
            ],
            "id": "sg-064e308bb8913d7ce",
            "ingress": [
              {
                "cidr_blocks": [
                  "0.0.0.0/0"
                ],
                "description": "",
                "from_port": 0,
                "ipv6_cidr_blocks": [],
                "prefix_list_ids": [],
                "protocol": "-1",
                "security_groups": [],
                "self": false,
                "to_port": 0
              },
              {
                "cidr_blocks": [],
                "description": "",
                "from_port": 0,
                "ipv6_cidr_blocks": [
                  "::/0"
                ],
                "prefix_list_ids": [],
                "protocol": "-1",
                "security_groups": [],
                "self": false,
                "to_port": 0
              }
            ],
            "name": "k8s-cluster-sg-sdtd",
            "name_prefix": "",
            "owner_id": "563825153145",
            "revoke_rules_on_delete": false,
            "tags": {
              "Name": "k8s-cluster-sg-sdtd"
            },
            "timeouts": null,
            "vpc_id": "vpc-005056e987b84d26a"
          },
          "private": "eyJlMmJmYjczMC1lY2FhLTExZTYtOGY4OC0zNDM2M2JjN2M0YzAiOnsiY3JlYXRlIjo2MDAwMDAwMDAwMDAsImRlbGV0ZSI6NjAwMDAwMDAwMDAwfSwic2NoZW1hX3ZlcnNpb24iOiIxIn0=",
          "dependencies": [
            "aws_vpc.SDTD_VPC"
          ]
        }
      ]
    },
    {
      "mode": "managed",
      "type": "aws_subnet",
      "name": "SDTD_VPC_Subnet",
      "provider": "provider[\"registry.terraform.io/hashicorp/aws\"]",
      "instances": [
        {
          "schema_version": 1,
          "attributes": {
            "arn": "arn:aws:ec2:us-east-1:563825153145:subnet/subnet-05227cacc6e9c7031",
            "assign_ipv6_address_on_creation": false,
            "availability_zone": "us-east-1a",
            "availability_zone_id": "use1-az4",
            "cidr_block": "10.0.0.0/24",
            "id": "subnet-05227cacc6e9c7031",
            "ipv6_cidr_block": "",
            "ipv6_cidr_block_association_id": "",
            "map_public_ip_on_launch": true,
            "outpost_arn": "",
            "owner_id": "563825153145",
            "tags": {
              "Name": "k8s-cluster-net-SDTD",
              "kubernetes.io/cluster/kubernetes": "owned"
            },
            "timeouts": null,
            "vpc_id": "vpc-005056e987b84d26a"
          },
          "private": "eyJlMmJmYjczMC1lY2FhLTExZTYtOGY4OC0zNDM2M2JjN2M0YzAiOnsiY3JlYXRlIjo2MDAwMDAwMDAwMDAsImRlbGV0ZSI6MTIwMDAwMDAwMDAwMH0sInNjaGVtYV92ZXJzaW9uIjoiMSJ9",
          "dependencies": [
            "aws_vpc.SDTD_VPC"
          ]
        }
      ]
    },
    {
      "mode": "managed",
      "type": "aws_vpc",
      "name": "SDTD_VPC",
      "provider": "provider[\"registry.terraform.io/hashicorp/aws\"]",
      "instances": [
        {
          "schema_version": 1,
          "attributes": {
            "arn": "arn:aws:ec2:us-east-1:563825153145:vpc/vpc-005056e987b84d26a",
            "assign_generated_ipv6_cidr_block": false,
            "cidr_block": "10.0.0.0/16",
            "default_network_acl_id": "acl-0816b92f25dae9345",
            "default_route_table_id": "rtb-05021fbd00728c863",
            "default_security_group_id": "sg-0141f326ce5c1cd92",
            "dhcp_options_id": "dopt-02432a78",
            "enable_classiclink": false,
            "enable_classiclink_dns_support": false,
            "enable_dns_hostnames": true,
            "enable_dns_support": true,
            "id": "vpc-005056e987b84d26a",
            "instance_tenancy": "default",
            "ipv6_association_id": "",
            "ipv6_cidr_block": "",
            "main_route_table_id": "rtb-05021fbd00728c863",
            "owner_id": "563825153145",
            "tags": {
              "Name": "k8s-cluster-vpc-sdtd",
              "kubernetes.io/cluster/kubernetes": "owned"
            }
          },
          "private": "eyJzY2hlbWFfdmVyc2lvbiI6IjEifQ=="
        }
      ]
    },
    {
      "mode": "managed",
      "type": "random_pet",
      "name": "cluster_name",
      "provider": "provider[\"registry.terraform.io/hashicorp/random\"]",
      "instances": [
        {
          "schema_version": 0,
          "attributes": {
            "id": "relieved-boar",
            "keepers": null,
            "length": 2,
            "prefix": null,
            "separator": "-"
          },
          "private": "bnVsbA=="
        }
      ]
    },
    {
      "mode": "managed",
      "type": "random_string",
      "name": "token_id",
      "provider": "provider[\"registry.terraform.io/hashicorp/random\"]",
      "instances": [
        {
          "schema_version": 1,
          "attributes": {
            "id": "sc68pq",
            "keepers": null,
            "length": 6,
            "lower": true,
            "min_lower": 0,
            "min_numeric": 0,
            "min_special": 0,
            "min_upper": 0,
            "number": true,
            "override_special": null,
            "result": "sc68pq",
            "special": false,
            "upper": false
          },
          "private": "eyJzY2hlbWFfdmVyc2lvbiI6IjEifQ=="
        }
      ]
    },
    {
      "mode": "managed",
      "type": "random_string",
      "name": "token_secret",
      "provider": "provider[\"registry.terraform.io/hashicorp/random\"]",
      "instances": [
        {
          "schema_version": 1,
          "attributes": {
            "id": "7554imdfk653f3tw",
            "keepers": null,
            "length": 16,
            "lower": true,
            "min_lower": 0,
            "min_numeric": 0,
            "min_special": 0,
            "min_upper": 0,
            "number": true,
            "override_special": null,
            "result": "7554imdfk653f3tw",
            "special": false,
            "upper": false
          },
          "private": "eyJzY2hlbWFfdmVyc2lvbiI6IjEifQ=="
        }
      ]
    }
  ]
}
