{
  "version": 4,
  "terraform_version": "0.13.5",
  "serial": 17,
  "lineage": "aa75fd79-afd5-eb8b-7cac-9f9ef61b565d",
  "outputs": {
    "cluster_name": {
      "value": "exotic-stud",
      "type": "string"
    },
    "cluster_nodes": {
      "value": [
        {
          "name": "master",
          "private_ip": "10.0.0.71",
          "public_ip": "34.194.69.165",
          "subnet_id": "subnet-094706b45c0499f08"
        },
        {
          "name": "worker-0",
          "private_ip": "10.0.0.131",
          "public_ip": "54.242.49.105",
          "subnet_id": "subnet-094706b45c0499f08"
        },
        {
          "name": "worker-1",
          "private_ip": "10.0.0.15",
          "public_ip": "3.94.162.116",
          "subnet_id": "subnet-094706b45c0499f08"
        }
      ],
      "type": [
        "tuple",
        [
          [
            "object",
            {
              "name": "string",
              "private_ip": "string",
              "public_ip": "string",
              "subnet_id": "string"
            }
          ],
          [
            "object",
            {
              "name": "string",
              "private_ip": "string",
              "public_ip": "string",
              "subnet_id": "string"
            }
          ],
          [
            "object",
            {
              "name": "string",
              "private_ip": "string",
              "public_ip": "string",
              "subnet_id": "string"
            }
          ]
        ]
      ]
    },
    "kubeconfig": {
      "value": "/home/amalou/ENSIMAG/3A/ensimag-sdtd/terraform_k8s/exotic-stud.conf",
      "type": "string"
    },
    "vpc_id": {
      "value": "vpc-03f67d8c437b16c52",
      "type": "string"
    }
  },
  "resources": [
    {
      "mode": "managed",
      "type": "aws_key_pair",
      "name": "deployer",
      "provider": "provider[\"registry.terraform.io/hashicorp/aws\"]",
      "instances": [
        {
          "schema_version": 1,
          "attributes": {
            "arn": "arn:aws:ec2:us-east-1:563825153145:key-pair/id_rsa_aws",
            "fingerprint": "95:41:8f:3a:7a:54:1e:78:b2:2f:02:32:1d:f6:a7:da",
            "id": "id_rsa_aws",
            "key_name": "id_rsa_aws",
            "key_name_prefix": null,
            "key_pair_id": "key-055251616d3c343cd",
            "public_key": "ssh-rsa AAAAB3NzaC1yc2EAAAADAQABAAABgQDYcIx8VhkuvHanXz7h8YCZkdA2o8VOMY3sxjeeTQK3NP0Gyc6gzJOEcRUVq4e1AMz7KOSA78507sKt3AUSmt6nawfD6JI6mhcs/eGmCL8LmiHllcdNg4ITSJZ6UW971XHbNL25sC1mRFpVl/8c0gJTg3LeEIpjkLQ1RDRNbhNU/ShWN0lo/I4B1dBFul1gU0rhrgxB1K/CnXcmRKWIIY7UAIDjkdPd3BrEfVKPJYYPCWvPiX9qOA208/R+2+RJs23GrOHYlF9zYeQXGI1zBeK1DYU4h0zHTAkfhZfYEuMptrA8bks2mG7IRalpGcWc1hhWz+bdz8h5fOS+5bkDNqfzRWZMR0iRqIcnllHA52eZciOxcFuFnZx8Em22X/tgQVoFUEANML0E8mdnJ+dcuL8vYbPUQXDtkloWB4qi56+HKVaVeBCNqeS2xtylPK02A0red8UUhnVHU/KEbazcj7iUiAqMMyAI5aZJAmzIvI0ow8+02nAFRiA8rAMBD2u26/E= amalou@amalou-UX430UNR",
            "tags": null
          },
          "private": "eyJzY2hlbWFfdmVyc2lvbiI6IjEifQ=="
        }
      ]
    },
    {
      "module": "module.cluster",
      "mode": "data",
      "type": "aws_ami",
      "name": "ubuntu",
      "provider": "provider[\"registry.terraform.io/hashicorp/aws\"]",
      "instances": [
        {
          "schema_version": 0,
          "attributes": {
            "architecture": "x86_64",
            "arn": "arn:aws:ec2:us-east-1::image/ami-00ddb0e5626798373",
            "block_device_mappings": [
              {
                "device_name": "/dev/sda1",
                "ebs": {
                  "delete_on_termination": "true",
                  "encrypted": "false",
                  "iops": "0",
                  "snapshot_id": "snap-0b071e09e1285af85",
                  "volume_size": "8",
                  "volume_type": "gp2"
                },
                "no_device": "",
                "virtual_name": ""
              },
              {
                "device_name": "/dev/sdb",
                "ebs": {},
                "no_device": "",
                "virtual_name": "ephemeral0"
              },
              {
                "device_name": "/dev/sdc",
                "ebs": {},
                "no_device": "",
                "virtual_name": "ephemeral1"
              }
            ],
            "creation_date": "2020-10-26T19:16:24.000Z",
            "description": "Canonical, Ubuntu, 18.04 LTS, amd64 bionic image build on 2020-10-26",
            "executable_users": null,
            "filter": [
              {
                "name": "name",
                "values": [
                  "ubuntu/images/hvm-ssd/ubuntu-bionic-18.04-amd64-server-*"
                ]
              }
            ],
            "hypervisor": "xen",
            "id": "ami-00ddb0e5626798373",
            "image_id": "ami-00ddb0e5626798373",
            "image_location": "099720109477/ubuntu/images/hvm-ssd/ubuntu-bionic-18.04-amd64-server-20201026",
            "image_owner_alias": null,
            "image_type": "machine",
            "kernel_id": null,
            "most_recent": true,
            "name": "ubuntu/images/hvm-ssd/ubuntu-bionic-18.04-amd64-server-20201026",
            "name_regex": null,
            "owner_id": "099720109477",
            "owners": [
              "099720109477"
            ],
            "platform": null,
            "product_codes": [],
            "public": true,
            "ramdisk_id": null,
            "root_device_name": "/dev/sda1",
            "root_device_type": "ebs",
            "root_snapshot_id": "snap-0b071e09e1285af85",
            "sriov_net_support": "simple",
            "state": "available",
            "state_reason": {
              "code": "UNSET",
              "message": "UNSET"
            },
            "tags": {},
            "virtualization_type": "hvm"
          }
        }
      ]
    },
    {
      "module": "module.cluster",
      "mode": "managed",
      "type": "aws_eip",
      "name": "master",
      "provider": "provider[\"registry.terraform.io/hashicorp/aws\"]",
      "instances": [
        {
          "schema_version": 0,
          "attributes": {
            "allocation_id": null,
            "associate_with_private_ip": null,
            "association_id": "",
            "customer_owned_ip": "",
            "customer_owned_ipv4_pool": "",
            "domain": "vpc",
            "id": "eipalloc-034b285611f7e671a",
            "instance": "",
            "network_border_group": "us-east-1",
            "network_interface": "",
            "private_dns": null,
            "private_ip": "",
            "public_dns": "ec2-34-194-69-165.compute-1.amazonaws.com",
            "public_ip": "34.194.69.165",
            "public_ipv4_pool": "amazon",
            "tags": {
              "terraform-kubeadm:cluster": "exotic-stud"
            },
            "timeouts": null,
            "vpc": true
          },
          "private": "eyJlMmJmYjczMC1lY2FhLTExZTYtOGY4OC0zNDM2M2JjN2M0YzAiOnsiZGVsZXRlIjoxODAwMDAwMDAwMDAsInJlYWQiOjkwMDAwMDAwMDAwMCwidXBkYXRlIjozMDAwMDAwMDAwMDB9fQ==",
          "dependencies": [
            "module.cluster.random_pet.cluster_name"
          ]
        }
      ]
    },
    {
      "module": "module.cluster",
      "mode": "managed",
      "type": "aws_eip_association",
      "name": "master",
      "provider": "provider[\"registry.terraform.io/hashicorp/aws\"]",
      "instances": [
        {
          "schema_version": 0,
          "attributes": {
            "allocation_id": "eipalloc-034b285611f7e671a",
            "allow_reassociation": null,
            "id": "eipassoc-06025cd9e700a866f",
            "instance_id": "i-0ddb6c64462150996",
            "network_interface_id": "eni-09ac40b1a1d4df0d4",
            "private_ip_address": "10.0.0.71",
            "public_ip": "34.194.69.165"
          },
          "private": "bnVsbA==",
          "dependencies": [
            "module.cluster.aws_eip.master",
            "module.cluster.aws_instance.master",
            "module.cluster.aws_key_pair.main",
            "module.cluster.aws_security_group.egress",
            "module.cluster.aws_security_group.ingress_internal",
            "module.cluster.aws_security_group.ingress_k8s",
            "module.cluster.aws_security_group.ingress_ssh",
            "module.cluster.data.aws_ami.ubuntu",
            "module.cluster.random_pet.cluster_name",
            "module.cluster.random_string.token_id",
            "module.cluster.random_string.token_secret"
          ]
        }
      ]
    },
    {
      "module": "module.cluster",
      "mode": "managed",
      "type": "aws_instance",
      "name": "master",
      "provider": "provider[\"registry.terraform.io/hashicorp/aws\"]",
      "instances": [
        {
          "schema_version": 1,
          "attributes": {
            "ami": "ami-00ddb0e5626798373",
            "arn": "arn:aws:ec2:us-east-1:563825153145:instance/i-0ddb6c64462150996",
            "associate_public_ip_address": true,
            "availability_zone": "us-east-1a",
            "cpu_core_count": 2,
            "cpu_threads_per_core": 1,
            "credit_specification": [
              {
                "cpu_credits": "standard"
              }
            ],
            "disable_api_termination": false,
            "ebs_block_device": [],
            "ebs_optimized": false,
            "ephemeral_block_device": [],
            "get_password_data": false,
            "hibernation": false,
            "host_id": null,
            "iam_instance_profile": "",
            "id": "i-0ddb6c64462150996",
            "instance_initiated_shutdown_behavior": null,
            "instance_state": "running",
            "instance_type": "t2.medium",
            "ipv6_address_count": 0,
            "ipv6_addresses": [],
            "key_name": "exotic-stud-20201109132501592800000001",
            "metadata_options": [
              {
                "http_endpoint": "enabled",
                "http_put_response_hop_limit": 1,
                "http_tokens": "optional"
              }
            ],
            "monitoring": false,
            "network_interface": [],
            "outpost_arn": "",
            "password_data": "",
            "placement_group": "",
            "primary_network_interface_id": "eni-09ac40b1a1d4df0d4",
            "private_dns": "ip-10-0-0-71.ec2.internal",
            "private_ip": "10.0.0.71",
            "public_dns": "ec2-34-207-236-155.compute-1.amazonaws.com",
            "public_ip": "34.207.236.155",
            "root_block_device": [
              {
                "delete_on_termination": true,
                "device_name": "/dev/sda1",
                "encrypted": false,
                "iops": 100,
                "kms_key_id": "",
                "volume_id": "vol-09d500888fd9a8696",
                "volume_size": 8,
                "volume_type": "gp2"
              }
            ],
            "secondary_private_ips": [],
            "security_groups": [],
            "source_dest_check": true,
            "subnet_id": "subnet-094706b45c0499f08",
            "tags": {
              "terraform-kubeadm:cluster": "exotic-stud",
              "terraform-kubeadm:node": "master"
            },
            "tenancy": "default",
            "timeouts": null,
            "user_data": "59dd8f59c5d7eb18b1fcad529288df140429b9ac",
            "user_data_base64": null,
            "volume_tags": {},
            "vpc_security_group_ids": [
              "sg-05d34961517db810a",
              "sg-067346d01ef3bf855",
              "sg-0732bbceedec38a1b",
              "sg-0b2a39cae9fbd9cee"
            ]
          },
          "private": "eyJlMmJmYjczMC1lY2FhLTExZTYtOGY4OC0zNDM2M2JjN2M0YzAiOnsiY3JlYXRlIjo2MDAwMDAwMDAwMDAsImRlbGV0ZSI6MTIwMDAwMDAwMDAwMCwidXBkYXRlIjo2MDAwMDAwMDAwMDB9LCJzY2hlbWFfdmVyc2lvbiI6IjEifQ==",
          "dependencies": [
            "module.cluster.aws_eip.master",
            "module.cluster.aws_key_pair.main",
            "module.cluster.aws_security_group.egress",
            "module.cluster.aws_security_group.ingress_internal",
            "module.cluster.aws_security_group.ingress_k8s",
            "module.cluster.aws_security_group.ingress_ssh",
            "module.cluster.data.aws_ami.ubuntu",
            "module.cluster.random_pet.cluster_name",
            "module.cluster.random_string.token_id",
            "module.cluster.random_string.token_secret"
          ]
        }
      ]
    },
    {
      "module": "module.cluster",
      "mode": "managed",
      "type": "aws_instance",
      "name": "workers",
      "provider": "provider[\"registry.terraform.io/hashicorp/aws\"]",
      "instances": [
        {
          "index_key": 0,
          "schema_version": 1,
          "attributes": {
            "ami": "ami-00ddb0e5626798373",
            "arn": "arn:aws:ec2:us-east-1:563825153145:instance/i-0a26f111e060ed0d1",
            "associate_public_ip_address": true,
            "availability_zone": "us-east-1a",
            "cpu_core_count": 1,
            "cpu_threads_per_core": 1,
            "credit_specification": [
              {
                "cpu_credits": "standard"
              }
            ],
            "disable_api_termination": false,
            "ebs_block_device": [],
            "ebs_optimized": false,
            "ephemeral_block_device": [],
            "get_password_data": false,
            "hibernation": false,
            "host_id": null,
            "iam_instance_profile": "",
            "id": "i-0a26f111e060ed0d1",
            "instance_initiated_shutdown_behavior": null,
            "instance_state": "running",
            "instance_type": "t2.small",
            "ipv6_address_count": 0,
            "ipv6_addresses": [],
            "key_name": "exotic-stud-20201109132501592800000001",
            "metadata_options": [
              {
                "http_endpoint": "enabled",
                "http_put_response_hop_limit": 1,
                "http_tokens": "optional"
              }
            ],
            "monitoring": false,
            "network_interface": [],
            "outpost_arn": "",
            "password_data": "",
            "placement_group": "",
            "primary_network_interface_id": "eni-088269e1bd24fc582",
            "private_dns": "ip-10-0-0-131.ec2.internal",
            "private_ip": "10.0.0.131",
            "public_dns": "ec2-54-242-49-105.compute-1.amazonaws.com",
            "public_ip": "54.242.49.105",
            "root_block_device": [
              {
                "delete_on_termination": true,
                "device_name": "/dev/sda1",
                "encrypted": false,
                "iops": 100,
                "kms_key_id": "",
                "volume_id": "vol-09db71038f2c93ee2",
                "volume_size": 8,
                "volume_type": "gp2"
              }
            ],
            "secondary_private_ips": [],
            "security_groups": [],
            "source_dest_check": true,
            "subnet_id": "subnet-094706b45c0499f08",
            "tags": {
              "terraform-kubeadm:cluster": "exotic-stud",
              "terraform-kubeadm:node": "worker-0"
            },
            "tenancy": "default",
            "timeouts": null,
            "user_data": "d6c30ee06c3c3139753b01963dc8d35594a5964e",
            "user_data_base64": null,
            "volume_tags": {},
            "vpc_security_group_ids": [
              "sg-05d34961517db810a",
              "sg-067346d01ef3bf855",
              "sg-0b2a39cae9fbd9cee"
            ]
          },
          "private": "eyJlMmJmYjczMC1lY2FhLTExZTYtOGY4OC0zNDM2M2JjN2M0YzAiOnsiY3JlYXRlIjo2MDAwMDAwMDAwMDAsImRlbGV0ZSI6MTIwMDAwMDAwMDAwMCwidXBkYXRlIjo2MDAwMDAwMDAwMDB9LCJzY2hlbWFfdmVyc2lvbiI6IjEifQ==",
          "dependencies": [
            "module.cluster.aws_eip.master",
            "module.cluster.aws_instance.master",
            "module.cluster.aws_key_pair.main",
            "module.cluster.aws_security_group.egress",
            "module.cluster.aws_security_group.ingress_internal",
            "module.cluster.aws_security_group.ingress_k8s",
            "module.cluster.aws_security_group.ingress_ssh",
            "module.cluster.data.aws_ami.ubuntu",
            "module.cluster.random_pet.cluster_name",
            "module.cluster.random_string.token_id",
            "module.cluster.random_string.token_secret"
          ]
        },
        {
          "index_key": 1,
          "schema_version": 1,
          "attributes": {
            "ami": "ami-00ddb0e5626798373",
            "arn": "arn:aws:ec2:us-east-1:563825153145:instance/i-0cc7c5f6fde967976",
            "associate_public_ip_address": true,
            "availability_zone": "us-east-1a",
            "cpu_core_count": 1,
            "cpu_threads_per_core": 1,
            "credit_specification": [
              {
                "cpu_credits": "standard"
              }
            ],
            "disable_api_termination": false,
            "ebs_block_device": [],
            "ebs_optimized": false,
            "ephemeral_block_device": [],
            "get_password_data": false,
            "hibernation": false,
            "host_id": null,
            "iam_instance_profile": "",
            "id": "i-0cc7c5f6fde967976",
            "instance_initiated_shutdown_behavior": null,
            "instance_state": "running",
            "instance_type": "t2.small",
            "ipv6_address_count": 0,
            "ipv6_addresses": [],
            "key_name": "exotic-stud-20201109132501592800000001",
            "metadata_options": [
              {
                "http_endpoint": "enabled",
                "http_put_response_hop_limit": 1,
                "http_tokens": "optional"
              }
            ],
            "monitoring": false,
            "network_interface": [],
            "outpost_arn": "",
            "password_data": "",
            "placement_group": "",
            "primary_network_interface_id": "eni-06eb07abbfec61e41",
            "private_dns": "ip-10-0-0-15.ec2.internal",
            "private_ip": "10.0.0.15",
            "public_dns": "ec2-3-94-162-116.compute-1.amazonaws.com",
            "public_ip": "3.94.162.116",
            "root_block_device": [
              {
                "delete_on_termination": true,
                "device_name": "/dev/sda1",
                "encrypted": false,
                "iops": 100,
                "kms_key_id": "",
                "volume_id": "vol-08776ea0a52f3440f",
                "volume_size": 8,
                "volume_type": "gp2"
              }
            ],
            "secondary_private_ips": [],
            "security_groups": [],
            "source_dest_check": true,
            "subnet_id": "subnet-094706b45c0499f08",
            "tags": {
              "terraform-kubeadm:cluster": "exotic-stud",
              "terraform-kubeadm:node": "worker-1"
            },
            "tenancy": "default",
            "timeouts": null,
            "user_data": "3425a87f1981789ff491c55a2d1b7ca0a58ea1fa",
            "user_data_base64": null,
            "volume_tags": {},
            "vpc_security_group_ids": [
              "sg-05d34961517db810a",
              "sg-067346d01ef3bf855",
              "sg-0b2a39cae9fbd9cee"
            ]
          },
          "private": "eyJlMmJmYjczMC1lY2FhLTExZTYtOGY4OC0zNDM2M2JjN2M0YzAiOnsiY3JlYXRlIjo2MDAwMDAwMDAwMDAsImRlbGV0ZSI6MTIwMDAwMDAwMDAwMCwidXBkYXRlIjo2MDAwMDAwMDAwMDB9LCJzY2hlbWFfdmVyc2lvbiI6IjEifQ==",
          "dependencies": [
            "module.cluster.aws_eip.master",
            "module.cluster.aws_instance.master",
            "module.cluster.aws_key_pair.main",
            "module.cluster.aws_security_group.egress",
            "module.cluster.aws_security_group.ingress_internal",
            "module.cluster.aws_security_group.ingress_k8s",
            "module.cluster.aws_security_group.ingress_ssh",
            "module.cluster.data.aws_ami.ubuntu",
            "module.cluster.random_pet.cluster_name",
            "module.cluster.random_string.token_id",
            "module.cluster.random_string.token_secret"
          ]
        }
      ]
    },
    {
      "module": "module.cluster",
      "mode": "managed",
      "type": "aws_key_pair",
      "name": "main",
      "provider": "provider[\"registry.terraform.io/hashicorp/aws\"]",
      "instances": [
        {
          "schema_version": 1,
          "attributes": {
            "arn": "arn:aws:ec2:us-east-1:563825153145:key-pair/exotic-stud-20201109132501592800000001",
            "fingerprint": "6b:f7:58:60:b7:78:47:60:5d:28:17:2e:50:8a:e0:03",
            "id": "exotic-stud-20201109132501592800000001",
            "key_name": "exotic-stud-20201109132501592800000001",
            "key_name_prefix": "exotic-stud-",
            "key_pair_id": "key-06a0afecd506174d7",
            "public_key": "ssh-rsa AAAAB3NzaC1yc2EAAAADAQABAAABgQDkODMw7Heq1QoW4q9OVXdOQyz6uOm0Wzh8ypVB/r4/0ZuZwps7ERR1vWCGewFgWo8cBZHBMaeYsnfGCy8sajnMMO0zoQ0VvqwYkUQiOsYnsg4PfpRLpThMd3f/PU/97QgnyR2W3O8QycxHhmmDxMJadrrMGwt8xAwFvr8OOUgBGahGasWZlT02sktBontukHx77BnZnEeEZ4qjTvR3hE0YoD17EQ+N+uvPuy4+UTsVtr33Lur0MtT0R6KMpc7Wr7MgzC2zqkGxCrss0npO6HgO2xNDU/UufIOl+kgQ8NwzW6MY34CGvug9eSfeP1R+15TtdL7/mj2mR4Ht1qgmMn3QO+vJN3r3JmTBaJWs+hZ1JwA3BgvEBMk2UqeGQkqA7mnLHCf+t6RzhtJ+MWtBsGLOXHpP7mowabyxwElVkB3zTNPjLv+olDh5OFTiZVNbLhMdeMFMDJhbBvQvjwc1GTmAtx85K2Ihxhb6oKWdBtlyveB/i+y4Wzd+EOAqQ6RojRs= amalou@amalou-UX430UNR",
            "tags": {
              "terraform-kubeadm:cluster": "exotic-stud"
            }
          },
          "private": "eyJzY2hlbWFfdmVyc2lvbiI6IjEifQ==",
          "dependencies": [
            "module.cluster.random_pet.cluster_name"
          ]
        }
      ]
    },
    {
      "module": "module.cluster",
      "mode": "managed",
      "type": "aws_security_group",
      "name": "egress",
      "provider": "provider[\"registry.terraform.io/hashicorp/aws\"]",
      "instances": [
        {
          "schema_version": 1,
          "attributes": {
            "arn": "arn:aws:ec2:us-east-1:563825153145:security-group/sg-067346d01ef3bf855",
            "description": "Allow all outgoing traffic to everywhere",
            "egress": [
              {
                "cidr_blocks": [
                  "0.0.0.0/0"
                ],
                "description": "",
                "from_port": 0,
                "ipv6_cidr_blocks": [],
                "prefix_list_ids": [],
                "protocol": "-1",
                "security_groups": [],
                "self": false,
                "to_port": 0
              }
            ],
            "id": "sg-067346d01ef3bf855",
            "ingress": [],
            "name": "exotic-stud-egress",
            "name_prefix": "",
            "owner_id": "563825153145",
            "revoke_rules_on_delete": false,
            "tags": {
              "terraform-kubeadm:cluster": "exotic-stud"
            },
            "timeouts": null,
            "vpc_id": "vpc-03f67d8c437b16c52"
          },
          "private": "eyJlMmJmYjczMC1lY2FhLTExZTYtOGY4OC0zNDM2M2JjN2M0YzAiOnsiY3JlYXRlIjo2MDAwMDAwMDAwMDAsImRlbGV0ZSI6NjAwMDAwMDAwMDAwfSwic2NoZW1hX3ZlcnNpb24iOiIxIn0=",
          "dependencies": [
            "module.cluster.random_pet.cluster_name"
          ]
        }
      ]
    },
    {
      "module": "module.cluster",
      "mode": "managed",
      "type": "aws_security_group",
      "name": "ingress_internal",
      "provider": "provider[\"registry.terraform.io/hashicorp/aws\"]",
      "instances": [
        {
          "schema_version": 1,
          "attributes": {
            "arn": "arn:aws:ec2:us-east-1:563825153145:security-group/sg-0b2a39cae9fbd9cee",
            "description": "Allow all incoming traffic from nodes and Pods in the cluster",
            "egress": [],
            "id": "sg-0b2a39cae9fbd9cee",
            "ingress": [
              {
                "cidr_blocks": [],
                "description": "Allow incoming traffic from cluster nodes",
                "from_port": 0,
                "ipv6_cidr_blocks": [],
                "prefix_list_ids": [],
                "protocol": "-1",
                "security_groups": [],
                "self": true,
                "to_port": 0
              },
              {
                "cidr_blocks": [],
                "description": "Allow incoming traffic from the Pods of the cluster",
                "from_port": 0,
                "ipv6_cidr_blocks": [],
                "prefix_list_ids": [],
                "protocol": "-1",
                "security_groups": [],
                "self": false,
                "to_port": 0
              }
            ],
            "name": "exotic-stud-ingress-internal",
            "name_prefix": "",
            "owner_id": "563825153145",
            "revoke_rules_on_delete": false,
            "tags": {
              "terraform-kubeadm:cluster": "exotic-stud"
            },
            "timeouts": null,
            "vpc_id": "vpc-03f67d8c437b16c52"
          },
          "private": "eyJlMmJmYjczMC1lY2FhLTExZTYtOGY4OC0zNDM2M2JjN2M0YzAiOnsiY3JlYXRlIjo2MDAwMDAwMDAwMDAsImRlbGV0ZSI6NjAwMDAwMDAwMDAwfSwic2NoZW1hX3ZlcnNpb24iOiIxIn0=",
          "dependencies": [
            "module.cluster.random_pet.cluster_name"
          ]
        }
      ]
    },
    {
      "module": "module.cluster",
      "mode": "managed",
      "type": "aws_security_group",
      "name": "ingress_k8s",
      "provider": "provider[\"registry.terraform.io/hashicorp/aws\"]",
      "instances": [
        {
          "schema_version": 1,
          "attributes": {
            "arn": "arn:aws:ec2:us-east-1:563825153145:security-group/sg-0732bbceedec38a1b",
            "description": "Allow incoming Kubernetes API requests (TCP/6443) from outside the cluster",
            "egress": [],
            "id": "sg-0732bbceedec38a1b",
            "ingress": [
              {
                "cidr_blocks": [
                  "0.0.0.0/0"
                ],
                "description": "",
                "from_port": 6443,
                "ipv6_cidr_blocks": [],
                "prefix_list_ids": [],
                "protocol": "tcp",
                "security_groups": [],
                "self": false,
                "to_port": 6443
              }
            ],
            "name": "exotic-stud-ingress-k8s",
            "name_prefix": "",
            "owner_id": "563825153145",
            "revoke_rules_on_delete": false,
            "tags": {
              "terraform-kubeadm:cluster": "exotic-stud"
            },
            "timeouts": null,
            "vpc_id": "vpc-03f67d8c437b16c52"
          },
          "private": "eyJlMmJmYjczMC1lY2FhLTExZTYtOGY4OC0zNDM2M2JjN2M0YzAiOnsiY3JlYXRlIjo2MDAwMDAwMDAwMDAsImRlbGV0ZSI6NjAwMDAwMDAwMDAwfSwic2NoZW1hX3ZlcnNpb24iOiIxIn0=",
          "dependencies": [
            "module.cluster.random_pet.cluster_name"
          ]
        }
      ]
    },
    {
      "module": "module.cluster",
      "mode": "managed",
      "type": "aws_security_group",
      "name": "ingress_ssh",
      "provider": "provider[\"registry.terraform.io/hashicorp/aws\"]",
      "instances": [
        {
          "schema_version": 1,
          "attributes": {
            "arn": "arn:aws:ec2:us-east-1:563825153145:security-group/sg-05d34961517db810a",
            "description": "Allow incoming SSH traffic (TCP/22) from outside the cluster",
            "egress": [],
            "id": "sg-05d34961517db810a",
            "ingress": [
              {
                "cidr_blocks": [
                  "0.0.0.0/0"
                ],
                "description": "",
                "from_port": 22,
                "ipv6_cidr_blocks": [],
                "prefix_list_ids": [],
                "protocol": "tcp",
                "security_groups": [],
                "self": false,
                "to_port": 22
              }
            ],
            "name": "exotic-stud-ingress-ssh",
            "name_prefix": "",
            "owner_id": "563825153145",
            "revoke_rules_on_delete": false,
            "tags": {
              "terraform-kubeadm:cluster": "exotic-stud"
            },
            "timeouts": null,
            "vpc_id": "vpc-03f67d8c437b16c52"
          },
          "private": "eyJlMmJmYjczMC1lY2FhLTExZTYtOGY4OC0zNDM2M2JjN2M0YzAiOnsiY3JlYXRlIjo2MDAwMDAwMDAwMDAsImRlbGV0ZSI6NjAwMDAwMDAwMDAwfSwic2NoZW1hX3ZlcnNpb24iOiIxIn0=",
          "dependencies": [
            "module.cluster.random_pet.cluster_name"
          ]
        }
      ]
    },
    {
      "module": "module.cluster",
      "mode": "managed",
      "type": "null_resource",
      "name": "download_kubeconfig_file",
      "provider": "provider[\"registry.terraform.io/hashicorp/null\"]",
      "instances": [
        {
          "schema_version": 0,
          "attributes": {
            "id": "143205095628898987",
            "triggers": {
              "wait_for_bootstrap_to_finish": "8695379129232667470"
            }
          },
          "private": "bnVsbA==",
          "dependencies": [
            "module.cluster.aws_eip.master",
            "module.cluster.aws_instance.master",
            "module.cluster.aws_instance.workers",
            "module.cluster.aws_key_pair.main",
            "module.cluster.aws_security_group.egress",
            "module.cluster.aws_security_group.ingress_internal",
            "module.cluster.aws_security_group.ingress_k8s",
            "module.cluster.aws_security_group.ingress_ssh",
            "module.cluster.data.aws_ami.ubuntu",
            "module.cluster.null_resource.wait_for_bootstrap_to_finish",
            "module.cluster.random_pet.cluster_name",
            "module.cluster.random_string.token_id",
            "module.cluster.random_string.token_secret"
          ]
        }
      ]
    },
    {
      "module": "module.cluster",
      "mode": "managed",
      "type": "null_resource",
      "name": "wait_for_bootstrap_to_finish",
      "provider": "provider[\"registry.terraform.io/hashicorp/null\"]",
      "instances": [
        {
          "schema_version": 0,
          "attributes": {
            "id": "8695379129232667470",
            "triggers": {
              "instance_ids": "i-0ddb6c64462150996,i-0a26f111e060ed0d1,i-0cc7c5f6fde967976"
            }
          },
          "private": "bnVsbA==",
          "dependencies": [
            "module.cluster.aws_eip.master",
            "module.cluster.aws_instance.master",
            "module.cluster.aws_instance.workers",
            "module.cluster.aws_key_pair.main",
            "module.cluster.aws_security_group.egress",
            "module.cluster.aws_security_group.ingress_internal",
            "module.cluster.aws_security_group.ingress_k8s",
            "module.cluster.aws_security_group.ingress_ssh",
            "module.cluster.data.aws_ami.ubuntu",
            "module.cluster.random_pet.cluster_name",
            "module.cluster.random_string.token_id",
            "module.cluster.random_string.token_secret"
          ]
        }
      ]
    },
    {
      "module": "module.cluster",
      "mode": "managed",
      "type": "random_pet",
      "name": "cluster_name",
      "provider": "provider[\"registry.terraform.io/hashicorp/random\"]",
      "instances": [
        {
          "schema_version": 0,
          "attributes": {
            "id": "exotic-stud",
            "keepers": null,
            "length": 2,
            "prefix": null,
            "separator": "-"
          },
          "private": "bnVsbA=="
        }
      ]
    },
    {
      "module": "module.cluster",
      "mode": "managed",
      "type": "random_string",
      "name": "token_id",
      "provider": "provider[\"registry.terraform.io/hashicorp/random\"]",
      "instances": [
        {
          "schema_version": 1,
          "attributes": {
            "id": "zz1d5o",
            "keepers": null,
            "length": 6,
            "lower": true,
            "min_lower": 0,
            "min_numeric": 0,
            "min_special": 0,
            "min_upper": 0,
            "number": true,
            "override_special": null,
            "result": "zz1d5o",
            "special": false,
            "upper": false
          },
          "private": "eyJzY2hlbWFfdmVyc2lvbiI6IjEifQ=="
        }
      ]
    },
    {
      "module": "module.cluster",
      "mode": "managed",
      "type": "random_string",
      "name": "token_secret",
      "provider": "provider[\"registry.terraform.io/hashicorp/random\"]",
      "instances": [
        {
          "schema_version": 1,
          "attributes": {
            "id": "ge8zytwd68m0v2ie",
            "keepers": null,
            "length": 16,
            "lower": true,
            "min_lower": 0,
            "min_numeric": 0,
            "min_special": 0,
            "min_upper": 0,
            "number": true,
            "override_special": null,
            "result": "ge8zytwd68m0v2ie",
            "special": false,
            "upper": false
          },
          "private": "eyJzY2hlbWFfdmVyc2lvbiI6IjEifQ=="
        }
      ]
    }
  ]
}
